Microsoft Visual Studio Solution File, Format Version 12.00
# Visual Studio 14
Project("{8BC9CEB8-8B4A-11D0-8D11-00A0C91BC942}") = "ALL_BUILD", "ALL_BUILD.vcxproj", "{A96D46AD-7842-3E65-AE2D-8C88E71A3F9B}"
	ProjectSection(ProjectDependencies) = postProject
		{8754014F-329D-3AFD-A813-81834859D5C8} = {8754014F-329D-3AFD-A813-81834859D5C8}
		{8CF7CD47-6DDA-3BC0-B000-6C17E441631C} = {8CF7CD47-6DDA-3BC0-B000-6C17E441631C}
		{AA109A1B-3C6C-30B1-8195-3C531CA20F7E} = {AA109A1B-3C6C-30B1-8195-3C531CA20F7E}
		{B9F1EB35-7C79-3E6B-AE2B-C252608D952D} = {B9F1EB35-7C79-3E6B-AE2B-C252608D952D}
		{97231F54-1C8A-3F6A-961A-4E3F65F431BA} = {97231F54-1C8A-3F6A-961A-4E3F65F431BA}
		{EF9CABC1-49C5-37EB-AA0D-F5454E571F19} = {EF9CABC1-49C5-37EB-AA0D-F5454E571F19}
	EndProjectSection
EndProject
Project("{8BC9CEB8-8B4A-11D0-8D11-00A0C91BC942}") = "INSTALL", "INSTALL.vcxproj", "{3BB5E62B-BADC-33FE-9CC8-E86A43364653}"
	ProjectSection(ProjectDependencies) = postProject
		{A96D46AD-7842-3E65-AE2D-8C88E71A3F9B} = {A96D46AD-7842-3E65-AE2D-8C88E71A3F9B}
		{8754014F-329D-3AFD-A813-81834859D5C8} = {8754014F-329D-3AFD-A813-81834859D5C8}
	EndProjectSection
EndProject
Project("{8BC9CEB8-8B4A-11D0-8D11-00A0C91BC942}") = "RUN_TESTS", "RUN_TESTS.vcxproj", "{8C950AAA-A129-3121-94A5-36AF48E997E0}"
	ProjectSection(ProjectDependencies) = postProject
		{8754014F-329D-3AFD-A813-81834859D5C8} = {8754014F-329D-3AFD-A813-81834859D5C8}
	EndProjectSection
EndProject
Project("{8BC9CEB8-8B4A-11D0-8D11-00A0C91BC942}") = "ZERO_CHECK", "ZERO_CHECK.vcxproj", "{8754014F-329D-3AFD-A813-81834859D5C8}"
	ProjectSection(ProjectDependencies) = postProject
	EndProjectSection
EndProject
Project("{8BC9CEB8-8B4A-11D0-8D11-00A0C91BC942}") = "png16", "png16.vcxproj", "{8CF7CD47-6DDA-3BC0-B000-6C17E441631C}"
	ProjectSection(ProjectDependencies) = postProject
		{8754014F-329D-3AFD-A813-81834859D5C8} = {8754014F-329D-3AFD-A813-81834859D5C8}
	EndProjectSection
EndProject
Project("{8BC9CEB8-8B4A-11D0-8D11-00A0C91BC942}") = "png16_static", "png16_static.vcxproj", "{AA109A1B-3C6C-30B1-8195-3C531CA20F7E}"
	ProjectSection(ProjectDependencies) = postProject
		{8754014F-329D-3AFD-A813-81834859D5C8} = {8754014F-329D-3AFD-A813-81834859D5C8}
	EndProjectSection
EndProject
Project("{8BC9CEB8-8B4A-11D0-8D11-00A0C91BC942}") = "pngstest", "pngstest.vcxproj", "{B9F1EB35-7C79-3E6B-AE2B-C252608D952D}"
	ProjectSection(ProjectDependencies) = postProject
		{8754014F-329D-3AFD-A813-81834859D5C8} = {8754014F-329D-3AFD-A813-81834859D5C8}
		{8CF7CD47-6DDA-3BC0-B000-6C17E441631C} = {8CF7CD47-6DDA-3BC0-B000-6C17E441631C}
	EndProjectSection
EndProject
Project("{8BC9CEB8-8B4A-11D0-8D11-00A0C91BC942}") = "pngtest", "pngtest.vcxproj", "{97231F54-1C8A-3F6A-961A-4E3F65F431BA}"
	ProjectSection(ProjectDependencies) = postProject
		{8754014F-329D-3AFD-A813-81834859D5C8} = {8754014F-329D-3AFD-A813-81834859D5C8}
		{8CF7CD47-6DDA-3BC0-B000-6C17E441631C} = {8CF7CD47-6DDA-3BC0-B000-6C17E441631C}
	EndProjectSection
EndProject
Project("{8BC9CEB8-8B4A-11D0-8D11-00A0C91BC942}") = "pngvalid", "pngvalid.vcxproj", "{EF9CABC1-49C5-37EB-AA0D-F5454E571F19}"
	ProjectSection(ProjectDependencies) = postProject
		{8754014F-329D-3AFD-A813-81834859D5C8} = {8754014F-329D-3AFD-A813-81834859D5C8}
		{8CF7CD47-6DDA-3BC0-B000-6C17E441631C} = {8CF7CD47-6DDA-3BC0-B000-6C17E441631C}
	EndProjectSection
EndProject
Global
	GlobalSection(SolutionConfigurationPlatforms) = preSolution
		Release|x64 = Release|x64
		Debug|x64 = Debug|x64
		MinSizeRel|x64 = MinSizeRel|x64
		RelWithDebInfo|x64 = RelWithDebInfo|x64
	EndGlobalSection
	GlobalSection(ProjectConfigurationPlatforms) = postSolution
		{A96D46AD-7842-3E65-AE2D-8C88E71A3F9B}.Release|x64.ActiveCfg = Release|x64
		{A96D46AD-7842-3E65-AE2D-8C88E71A3F9B}.Release|x64.Build.0 = Release|x64
		{A96D46AD-7842-3E65-AE2D-8C88E71A3F9B}.Debug|x64.ActiveCfg = Debug|x64
		{A96D46AD-7842-3E65-AE2D-8C88E71A3F9B}.Debug|x64.Build.0 = Debug|x64
		{A96D46AD-7842-3E65-AE2D-8C88E71A3F9B}.MinSizeRel|x64.ActiveCfg = MinSizeRel|x64
		{A96D46AD-7842-3E65-AE2D-8C88E71A3F9B}.MinSizeRel|x64.Build.0 = MinSizeRel|x64
		{A96D46AD-7842-3E65-AE2D-8C88E71A3F9B}.RelWithDebInfo|x64.ActiveCfg = RelWithDebInfo|x64
		{A96D46AD-7842-3E65-AE2D-8C88E71A3F9B}.RelWithDebInfo|x64.Build.0 = RelWithDebInfo|x64
		{3BB5E62B-BADC-33FE-9CC8-E86A43364653}.Release|x64.ActiveCfg = Release|x64
		{3BB5E62B-BADC-33FE-9CC8-E86A43364653}.Debug|x64.ActiveCfg = Debug|x64
		{3BB5E62B-BADC-33FE-9CC8-E86A43364653}.MinSizeRel|x64.ActiveCfg = MinSizeRel|x64
		{3BB5E62B-BADC-33FE-9CC8-E86A43364653}.RelWithDebInfo|x64.ActiveCfg = RelWithDebInfo|x64
		{8C950AAA-A129-3121-94A5-36AF48E997E0}.Release|x64.ActiveCfg = Release|x64
		{8C950AAA-A129-3121-94A5-36AF48E997E0}.Debug|x64.ActiveCfg = Debug|x64
		{8C950AAA-A129-3121-94A5-36AF48E997E0}.MinSizeRel|x64.ActiveCfg = MinSizeRel|x64
		{8C950AAA-A129-3121-94A5-36AF48E997E0}.RelWithDebInfo|x64.ActiveCfg = RelWithDebInfo|x64
		{8754014F-329D-3AFD-A813-81834859D5C8}.Release|x64.ActiveCfg = Release|x64
		{8754014F-329D-3AFD-A813-81834859D5C8}.Release|x64.Build.0 = Release|x64
		{8754014F-329D-3AFD-A813-81834859D5C8}.Debug|x64.ActiveCfg = Debug|x64
		{8754014F-329D-3AFD-A813-81834859D5C8}.Debug|x64.Build.0 = Debug|x64
		{8754014F-329D-3AFD-A813-81834859D5C8}.MinSizeRel|x64.ActiveCfg = MinSizeRel|x64
		{8754014F-329D-3AFD-A813-81834859D5C8}.MinSizeRel|x64.Build.0 = MinSizeRel|x64
		{8754014F-329D-3AFD-A813-81834859D5C8}.RelWithDebInfo|x64.ActiveCfg = RelWithDebInfo|x64
		{8754014F-329D-3AFD-A813-81834859D5C8}.RelWithDebInfo|x64.Build.0 = RelWithDebInfo|x64
		{8CF7CD47-6DDA-3BC0-B000-6C17E441631C}.Release|x64.ActiveCfg = Release|x64
		{8CF7CD47-6DDA-3BC0-B000-6C17E441631C}.Release|x64.Build.0 = Release|x64
		{8CF7CD47-6DDA-3BC0-B000-6C17E441631C}.Debug|x64.ActiveCfg = Debug|x64
		{8CF7CD47-6DDA-3BC0-B000-6C17E441631C}.Debug|x64.Build.0 = Debug|x64
		{8CF7CD47-6DDA-3BC0-B000-6C17E441631C}.MinSizeRel|x64.ActiveCfg = MinSizeRel|x64
		{8CF7CD47-6DDA-3BC0-B000-6C17E441631C}.MinSizeRel|x64.Build.0 = MinSizeRel|x64
		{8CF7CD47-6DDA-3BC0-B000-6C17E441631C}.RelWithDebInfo|x64.ActiveCfg = RelWithDebInfo|x64
		{8CF7CD47-6DDA-3BC0-B000-6C17E441631C}.RelWithDebInfo|x64.Build.0 = RelWithDebInfo|x64
		{AA109A1B-3C6C-30B1-8195-3C531CA20F7E}.Release|x64.ActiveCfg = Release|x64
		{AA109A1B-3C6C-30B1-8195-3C531CA20F7E}.Release|x64.Build.0 = Release|x64
		{AA109A1B-3C6C-30B1-8195-3C531CA20F7E}.Debug|x64.ActiveCfg = Debug|x64
		{AA109A1B-3C6C-30B1-8195-3C531CA20F7E}.Debug|x64.Build.0 = Debug|x64
		{AA109A1B-3C6C-30B1-8195-3C531CA20F7E}.MinSizeRel|x64.ActiveCfg = MinSizeRel|x64
		{AA109A1B-3C6C-30B1-8195-3C531CA20F7E}.MinSizeRel|x64.Build.0 = MinSizeRel|x64
		{AA109A1B-3C6C-30B1-8195-3C531CA20F7E}.RelWithDebInfo|x64.ActiveCfg = RelWithDebInfo|x64
		{AA109A1B-3C6C-30B1-8195-3C531CA20F7E}.RelWithDebInfo|x64.Build.0 = RelWithDebInfo|x64
		{B9F1EB35-7C79-3E6B-AE2B-C252608D952D}.Release|x64.ActiveCfg = Release|x64
		{B9F1EB35-7C79-3E6B-AE2B-C252608D952D}.Release|x64.Build.0 = Release|x64
		{B9F1EB35-7C79-3E6B-AE2B-C252608D952D}.Debug|x64.ActiveCfg = Debug|x64
		{B9F1EB35-7C79-3E6B-AE2B-C252608D952D}.Debug|x64.Build.0 = Debug|x64
		{B9F1EB35-7C79-3E6B-AE2B-C252608D952D}.MinSizeRel|x64.ActiveCfg = MinSizeRel|x64
		{B9F1EB35-7C79-3E6B-AE2B-C252608D952D}.MinSizeRel|x64.Build.0 = MinSizeRel|x64
		{B9F1EB35-7C79-3E6B-AE2B-C252608D952D}.RelWithDebInfo|x64.ActiveCfg = RelWithDebInfo|x64
		{B9F1EB35-7C79-3E6B-AE2B-C252608D952D}.RelWithDebInfo|x64.Build.0 = RelWithDebInfo|x64
		{97231F54-1C8A-3F6A-961A-4E3F65F431BA}.Release|x64.ActiveCfg = Release|x64
		{97231F54-1C8A-3F6A-961A-4E3F65F431BA}.Release|x64.Build.0 = Release|x64
		{97231F54-1C8A-3F6A-961A-4E3F65F431BA}.Debug|x64.ActiveCfg = Debug|x64
		{97231F54-1C8A-3F6A-961A-4E3F65F431BA}.Debug|x64.Build.0 = Debug|x64
		{97231F54-1C8A-3F6A-961A-4E3F65F431BA}.MinSizeRel|x64.ActiveCfg = MinSizeRel|x64
		{97231F54-1C8A-3F6A-961A-4E3F65F431BA}.MinSizeRel|x64.Build.0 = MinSizeRel|x64
		{97231F54-1C8A-3F6A-961A-4E3F65F431BA}.RelWithDebInfo|x64.ActiveCfg = RelWithDebInfo|x64
		{97231F54-1C8A-3F6A-961A-4E3F65F431BA}.RelWithDebInfo|x64.Build.0 = RelWithDebInfo|x64
		{EF9CABC1-49C5-37EB-AA0D-F5454E571F19}.Release|x64.ActiveCfg = Release|x64
		{EF9CABC1-49C5-37EB-AA0D-F5454E571F19}.Release|x64.Build.0 = Release|x64
		{EF9CABC1-49C5-37EB-AA0D-F5454E571F19}.Debug|x64.ActiveCfg = Debug|x64
		{EF9CABC1-49C5-37EB-AA0D-F5454E571F19}.Debug|x64.Build.0 = Debug|x64
		{EF9CABC1-49C5-37EB-AA0D-F5454E571F19}.MinSizeRel|x64.ActiveCfg = MinSizeRel|x64
		{EF9CABC1-49C5-37EB-AA0D-F5454E571F19}.MinSizeRel|x64.Build.0 = MinSizeRel|x64
		{EF9CABC1-49C5-37EB-AA0D-F5454E571F19}.RelWithDebInfo|x64.ActiveCfg = RelWithDebInfo|x64
		{EF9CABC1-49C5-37EB-AA0D-F5454E571F19}.RelWithDebInfo|x64.Build.0 = RelWithDebInfo|x64
	EndGlobalSection
	GlobalSection(ExtensibilityGlobals) = postSolution
	EndGlobalSection
	GlobalSection(ExtensibilityAddIns) = postSolution
	EndGlobalSection
EndGlobal
