<?xml version="1.0" encoding="UTF-8"?>
<Project ToolsVersion="14.0" xmlns="http://schemas.microsoft.com/developer/msbuild/2003">
  <ItemGroup>
    <ClCompile Include="F:\Projekte\coop\XTools\fontgen\lpng1621\png.c">
      <Filter>Source Files</Filter>
    </ClCompile>
    <ClCompile Include="F:\Projekte\coop\XTools\fontgen\lpng1621\pngerror.c">
      <Filter>Source Files</Filter>
    </ClCompile>
    <ClCompile Include="F:\Projekte\coop\XTools\fontgen\lpng1621\pngget.c">
      <Filter>Source Files</Filter>
    </ClCompile>
    <ClCompile Include="F:\Projekte\coop\XTools\fontgen\lpng1621\pngmem.c">
      <Filter>Source Files</Filter>
    </ClCompile>
    <ClCompile Include="F:\Projekte\coop\XTools\fontgen\lpng1621\pngpread.c">
      <Filter>Source Files</Filter>
    </ClCompile>
    <ClCompile Include="F:\Projekte\coop\XTools\fontgen\lpng1621\pngread.c">
      <Filter>Source Files</Filter>
    </ClCompile>
    <ClCompile Include="F:\Projekte\coop\XTools\fontgen\lpng1621\pngrio.c">
      <Filter>Source Files</Filter>
    </ClCompile>
    <ClCompile Include="F:\Projekte\coop\XTools\fontgen\lpng1621\pngrtran.c">
      <Filter>Source Files</Filter>
    </ClCompile>
    <ClCompile Include="F:\Projekte\coop\XTools\fontgen\lpng1621\pngrutil.c">
      <Filter>Source Files</Filter>
    </ClCompile>
    <ClCompile Include="F:\Projekte\coop\XTools\fontgen\lpng1621\pngset.c">
      <Filter>Source Files</Filter>
    </ClCompile>
    <ClCompile Include="F:\Projekte\coop\XTools\fontgen\lpng1621\pngtrans.c">
      <Filter>Source Files</Filter>
    </ClCompile>
    <ClCompile Include="F:\Projekte\coop\XTools\fontgen\lpng1621\pngwio.c">
      <Filter>Source Files</Filter>
    </ClCompile>
    <ClCompile Include="F:\Projekte\coop\XTools\fontgen\lpng1621\pngwrite.c">
      <Filter>Source Files</Filter>
    </ClCompile>
    <ClCompile Include="F:\Projekte\coop\XTools\fontgen\lpng1621\pngwtran.c">
      <Filter>Source Files</Filter>
    </ClCompile>
    <ClCompile Include="F:\Projekte\coop\XTools\fontgen\lpng1621\pngwutil.c">
      <Filter>Source Files</Filter>
    </ClCompile>
  </ItemGroup>
  <ItemGroup>
    <ClInclude Include="F:\Projekte\coop\XTools\fontgen\lpng1621\png.h">
      <Filter>Header Files</Filter>
    </ClInclude>
    <ClInclude Include="F:\Projekte\coop\XTools\fontgen\lpng1621\pngconf.h">
      <Filter>Header Files</Filter>
    </ClInclude>
    <ClInclude Include="F:\Projekte\coop\XTools\fontgen\lpng1621_build\pnglibconf.h">
      <Filter>Header Files</Filter>
    </ClInclude>
    <ClInclude Include="F:\Projekte\coop\XTools\fontgen\lpng1621\pngdebug.h">
      <Filter>Header Files</Filter>
    </ClInclude>
    <ClInclude Include="F:\Projekte\coop\XTools\fontgen\lpng1621\pnginfo.h">
      <Filter>Header Files</Filter>
    </ClInclude>
    <ClInclude Include="F:\Projekte\coop\XTools\fontgen\lpng1621\pngpriv.h">
      <Filter>Header Files</Filter>
    </ClInclude>
    <ClInclude Include="F:\Projekte\coop\XTools\fontgen\lpng1621\pngstruct.h">
      <Filter>Header Files</Filter>
    </ClInclude>
  </ItemGroup>
  <ItemGroup>
    <CustomBuild Include="F:\Projekte\coop\XTools\fontgen\lpng1621\CMakeLists.txt" />
  </ItemGroup>
  <ItemGroup>
    <Filter Include="Source Files">
      <UniqueIdentifier>{77400F1D-D380-39BA-B63A-B1B076E0FC0D}</UniqueIdentifier>
    </Filter>
    <Filter Include="Header Files">
      <UniqueIdentifier>{674E2BA9-BED2-39BF-8534-65075DB44F17}</UniqueIdentifier>
    </Filter>
  </ItemGroup>
</Project>
