<?xml version="1.0" encoding="utf-8"?>
<Project ToolsVersion="4.0" xmlns="http://schemas.microsoft.com/developer/msbuild/2003">
  <ItemGroup>
    <ClCompile Include="Source\GuillotineBinPack.cpp">
      <Filter>Source Files\packing</Filter>
    </ClCompile>
    <ClCompile Include="Source\Rect.cpp">
      <Filter>Source Files\packing</Filter>
    </ClCompile>
    <ClCompile Include="Source\SkylineBinPack.cpp">
      <Filter>Source Files\packing</Filter>
    </ClCompile>
    <ClCompile Include="Source\BFGDataStream.cpp">
      <Filter>Source Files</Filter>
    </ClCompile>
    <ClCompile Include="Source\BFGGlyphData.cpp">
      <Filter>Source Files</Filter>
    </ClCompile>
    <ClCompile Include="Source\BFGBitmap.cpp">
      <Filter>Source Files</Filter>
    </ClCompile>
    <ClCompile Include="Source\BFGColor.cpp">
      <Filter>Source Files</Filter>
    </ClCompile>
    <ClCompile Include="Source\main.cpp">
      <Filter>Source Files</Filter>
    </ClCompile>
  </ItemGroup>
  <ItemGroup>
    <ClInclude Include="Source\GuillotineBinPack.h">
      <Filter>Source Files\packing</Filter>
    </ClInclude>
    <ClInclude Include="Source\Rect.h">
      <Filter>Source Files\packing</Filter>
    </ClInclude>
    <ClInclude Include="Source\SkylineBinPack.h">
      <Filter>Source Files\packing</Filter>
    </ClInclude>
    <ClInclude Include="Source\BFGDataStream.h">
      <Filter>Source Files</Filter>
    </ClInclude>
    <ClInclude Include="Source\BFGException.h">
      <Filter>Source Files</Filter>
    </ClInclude>
    <ClInclude Include="Source\BFGGlyphData.h">
      <Filter>Source Files</Filter>
    </ClInclude>
    <ClInclude Include="Source\BFGPoint.h">
      <Filter>Source Files</Filter>
    </ClInclude>
    <ClInclude Include="Source\BFGBitmap.h">
      <Filter>Source Files</Filter>
    </ClInclude>
    <ClInclude Include="Source\BFGColor.h">
      <Filter>Source Files</Filter>
    </ClInclude>
    <ClInclude Include="Source\BFGRect.h">
      <Filter>Source Files</Filter>
    </ClInclude>
  </ItemGroup>
  <ItemGroup>
    <Filter Include="Source Files\packing">
      <UniqueIdentifier>{2a57160a-20a4-42da-9d5a-39e4650702ab}</UniqueIdentifier>
    </Filter>
  </ItemGroup>
  <ItemGroup>
  </ItemGroup>
  <ItemGroup>
    <Filter Include="Source Files">
      <UniqueIdentifier>{26ED718B-99ED-4C88-86F1-D72C5655FF49}</UniqueIdentifier>
    </Filter>
  </ItemGroup>
  <ItemGroup>
  </ItemGroup>
</Project>