
Microsoft Visual Studio Solution File, Format Version 12.00
# Visual Studio 14
VisualStudioVersion = 14.0.25420.1
MinimumVisualStudioVersion = 10.0.40219.1
Project("{FAE04EC0-301F-11D3-BF4B-00C04F79EFBC}") = "VEF.XForms", "..\VEF\VEF.XForms\VEF.XForms.csproj", "{67F9D3A8-F71E-4428-913F-C37AE82CDB24}"
EndProject
Project("{D954291E-2A0B-460D-934E-DC6B0785DB48}") = "VEX.Enet", "Shared\Enet\VEX.Enet.shproj", "{11F33E4A-F1EA-4DE2-9EE0-DD9418D7BE04}"
EndProject
Project("{FAE04EC0-301F-11D3-BF4B-00C04F79EFBC}") = "VEX.PCL", "PCL\VEX.PCL.csproj", "{A15E380A-5681-4165-9328-55CED6DCA99B}"
EndProject
Project("{2150E333-8FDC-42A3-9474-1A3956D46DE8}") = "Modules", "Modules", "{AF8D524D-7750-42C2-A19F-7F2BECE58B35}"
EndProject
Project("{2150E333-8FDC-42A3-9474-1A3956D46DE8}") = "VEF", "VEF", "{6C54D772-C773-41C8-A22F-F03F46EA4E99}"
EndProject
Project("{2150E333-8FDC-42A3-9474-1A3956D46DE8}") = "VEX", "VEX", "{509C64E6-5F18-4012-9C65-07BB1B293C60}"
EndProject
Project("{2150E333-8FDC-42A3-9474-1A3956D46DE8}") = ".nuget", ".nuget", "{3CCCB065-8AEB-4071-8D5A-65BD9970AA80}"
	ProjectSection(SolutionItems) = preProject
		.nuget\NuGet.Config = .nuget\NuGet.Config
		.nuget\NuGet.exe = .nuget\NuGet.exe
		.nuget\NuGet.targets = .nuget\NuGet.targets
	EndProjectSection
EndProject
Project("{FAE04EC0-301F-11D3-BF4B-00C04F79EFBC}") = "VEF.Core.WPF", "..\VEF\VEF.Core.WPF\VEF.Core.WPF.csproj", "{3387CF61-06CF-4650-AEE8-04801CDD6D03}"
EndProject
Project("{2150E333-8FDC-42A3-9474-1A3956D46DE8}") = "VEX.Core", "VEX.Core", "{3F3C40F4-BA43-4DD6-873E-F3B859CBED5A}"
EndProject
Project("{D954291E-2A0B-460D-934E-DC6B0785DB48}") = "VEF.Core.Shared", "..\VEF\VEF.Core.Shared\VEF.Core.Shared.shproj", "{302A2D9B-E375-415C-B6CD-BB4394329A29}"
EndProject
Project("{2150E333-8FDC-42A3-9474-1A3956D46DE8}") = "Libs", "Libs", "{15008FE9-E8E3-4F6C-B0CC-D48255564F56}"
EndProject
Project("{2150E333-8FDC-42A3-9474-1A3956D46DE8}") = "VEX.XGame", "VEX.XGame", "{FF7A5B17-BFB3-414F-9B43-B9A9DE96C49C}"
EndProject
Project("{D954291E-2A0B-460D-934E-DC6B0785DB48}") = "VEX.Core.Shared", "Modules\Core\VEX.Core.Shared\VEX.Core.Shared.shproj", "{A95B2CA0-1630-4362-8B8A-9EF1BC52D85E}"
EndProject
Project("{FAE04EC0-301F-11D3-BF4B-00C04F79EFBC}") = "VEX.WPF", "WPF\VEX.WPF\VEX.WPF.csproj", "{EBDB5AB1-B098-449A-80B3-F92012231051}"
EndProject
Project("{FAE04EC0-301F-11D3-BF4B-00C04F79EFBC}") = "VEX.Core.WPF", "Modules\Core\VEX.Core.WPF\VEX.Core.WPF.csproj", "{04681EF5-2A79-4688-8A5F-0D971C842E8E}"
EndProject
Project("{2150E333-8FDC-42A3-9474-1A3956D46DE8}") = "Tests", "Tests", "{E39348C4-29FF-430A-A163-1A2CBE18DEF2}"
EndProject
Project("{FAE04EC0-301F-11D3-BF4B-00C04F79EFBC}") = "VEX.Tests", "Tests\VEX.Tests\VEX.Tests.csproj", "{60852E84-1285-4E06-8333-1E8ED68502EA}"
EndProject
Project("{2150E333-8FDC-42A3-9474-1A3956D46DE8}") = "Helper", "Helper", "{B2D633A8-16B9-4454-AE81-4BB028BF9D55}"
EndProject
Project("{FAE04EC0-301F-11D3-BF4B-00C04F79EFBC}") = "SharpFont", "Helper\SharpFont\SharpFont.csproj", "{C293DB32-FA42-486D-B128-5A12522FAE4E}"
EndProject
Project("{2150E333-8FDC-42A3-9474-1A3956D46DE8}") = "NodeEditor", "NodeEditor", "{18D3B625-4287-4BF4-B7C3-04DB2E8D06EA}"
EndProject
Project("{FAE04EC0-301F-11D3-BF4B-00C04F79EFBC}") = "TESTNodeEditor", "..\VEF\NodeEditor\TESTNodeEditor\TESTNodeEditor.csproj", "{E0C83D59-159B-4DB5-88A5-AF088BF00D32}"
EndProject
Project("{FAE04EC0-301F-11D3-BF4B-00C04F79EFBC}") = "VEF.NodeEditor.WPF", "..\VEF\NodeEditor\VEF.NodeEditor.WPF\VEF.NodeEditor.WPF.csproj", "{BA0C7471-0784-4E89-8935-56D97A4122D2}"
EndProject
Project("{FAE04EC0-301F-11D3-BF4B-00C04F79EFBC}") = "Cyotek.Drawing.BitmapFont", "Libs\Cyotek.Drawing.BitmapFont\Cyotek.Drawing.BitmapFont.csproj", "{A8E42972-0BC3-4F26-99DF-87B6379E875F}"
EndProject
Global
	GlobalSection(SharedMSBuildProjectFiles) = preSolution
		Modules\Core\VEX.Core.Shared\VEX.Scene.Shared.projitems*{04681ef5-2a79-4688-8a5f-0d971c842e8e}*SharedItemsImports = 4
		Shared\Enet\VEF.Shared.Enet.projitems*{04681ef5-2a79-4688-8a5f-0d971c842e8e}*SharedItemsImports = 4
		Shared\Enet\VEF.Shared.Enet.projitems*{11f33e4a-f1ea-4de2-9ee0-dd9418d7be04}*SharedItemsImports = 13
		..\VEF\VEF.Core.Shared\VEF.Core.Shared.projitems*{302a2d9b-e375-415c-b6cd-bb4394329a29}*SharedItemsImports = 13
		..\VEF\VEF.Core.Shared\VEF.Core.Shared.projitems*{3387cf61-06cf-4650-aee8-04801cdd6d03}*SharedItemsImports = 4
		Modules\Core\VEX.Core.Shared\VEX.Scene.Shared.projitems*{a95b2ca0-1630-4362-8b8a-9ef1bc52d85e}*SharedItemsImports = 13
	EndGlobalSection
	GlobalSection(SolutionConfigurationPlatforms) = preSolution
		Ad-Hoc|Any CPU = Ad-Hoc|Any CPU
		Ad-Hoc|ARM = Ad-Hoc|ARM
		Ad-Hoc|iPhone = Ad-Hoc|iPhone
		Ad-Hoc|iPhoneSimulator = Ad-Hoc|iPhoneSimulator
		Ad-Hoc|Mixed Platforms = Ad-Hoc|Mixed Platforms
		Ad-Hoc|x64 = Ad-Hoc|x64
		Ad-Hoc|x86 = Ad-Hoc|x86
		AppStore|Any CPU = AppStore|Any CPU
		AppStore|ARM = AppStore|ARM
		AppStore|iPhone = AppStore|iPhone
		AppStore|iPhoneSimulator = AppStore|iPhoneSimulator
		AppStore|Mixed Platforms = AppStore|Mixed Platforms
		AppStore|x64 = AppStore|x64
		AppStore|x86 = AppStore|x86
		Debug|Any CPU = Debug|Any CPU
		Debug|ARM = Debug|ARM
		Debug|iPhone = Debug|iPhone
		Debug|iPhoneSimulator = Debug|iPhoneSimulator
		Debug|Mixed Platforms = Debug|Mixed Platforms
		Debug|x64 = Debug|x64
		Debug|x86 = Debug|x86
		Release|Any CPU = Release|Any CPU
		Release|ARM = Release|ARM
		Release|iPhone = Release|iPhone
		Release|iPhoneSimulator = Release|iPhoneSimulator
		Release|Mixed Platforms = Release|Mixed Platforms
		Release|x64 = Release|x64
		Release|x86 = Release|x86
	EndGlobalSection
	GlobalSection(ProjectConfigurationPlatforms) = postSolution
		{67F9D3A8-F71E-4428-913F-C37AE82CDB24}.Ad-Hoc|Any CPU.ActiveCfg = Release|Any CPU
		{67F9D3A8-F71E-4428-913F-C37AE82CDB24}.Ad-Hoc|Any CPU.Build.0 = Release|Any CPU
		{67F9D3A8-F71E-4428-913F-C37AE82CDB24}.Ad-Hoc|ARM.ActiveCfg = Debug|Any CPU
		{67F9D3A8-F71E-4428-913F-C37AE82CDB24}.Ad-Hoc|ARM.Build.0 = Debug|Any CPU
		{67F9D3A8-F71E-4428-913F-C37AE82CDB24}.Ad-Hoc|iPhone.ActiveCfg = Release|Any CPU
		{67F9D3A8-F71E-4428-913F-C37AE82CDB24}.Ad-Hoc|iPhoneSimulator.ActiveCfg = Release|Any CPU
		{67F9D3A8-F71E-4428-913F-C37AE82CDB24}.Ad-Hoc|Mixed Platforms.ActiveCfg = Release|Any CPU
		{67F9D3A8-F71E-4428-913F-C37AE82CDB24}.Ad-Hoc|Mixed Platforms.Build.0 = Release|Any CPU
		{67F9D3A8-F71E-4428-913F-C37AE82CDB24}.Ad-Hoc|x64.ActiveCfg = Debug|Any CPU
		{67F9D3A8-F71E-4428-913F-C37AE82CDB24}.Ad-Hoc|x64.Build.0 = Debug|Any CPU
		{67F9D3A8-F71E-4428-913F-C37AE82CDB24}.Ad-Hoc|x86.ActiveCfg = Debug|Any CPU
		{67F9D3A8-F71E-4428-913F-C37AE82CDB24}.Ad-Hoc|x86.Build.0 = Debug|Any CPU
		{67F9D3A8-F71E-4428-913F-C37AE82CDB24}.AppStore|Any CPU.ActiveCfg = Release|Any CPU
		{67F9D3A8-F71E-4428-913F-C37AE82CDB24}.AppStore|Any CPU.Build.0 = Release|Any CPU
		{67F9D3A8-F71E-4428-913F-C37AE82CDB24}.AppStore|ARM.ActiveCfg = Debug|Any CPU
		{67F9D3A8-F71E-4428-913F-C37AE82CDB24}.AppStore|ARM.Build.0 = Debug|Any CPU
		{67F9D3A8-F71E-4428-913F-C37AE82CDB24}.AppStore|iPhone.ActiveCfg = Release|Any CPU
		{67F9D3A8-F71E-4428-913F-C37AE82CDB24}.AppStore|iPhoneSimulator.ActiveCfg = Release|Any CPU
		{67F9D3A8-F71E-4428-913F-C37AE82CDB24}.AppStore|Mixed Platforms.ActiveCfg = Release|Any CPU
		{67F9D3A8-F71E-4428-913F-C37AE82CDB24}.AppStore|Mixed Platforms.Build.0 = Release|Any CPU
		{67F9D3A8-F71E-4428-913F-C37AE82CDB24}.AppStore|x64.ActiveCfg = Debug|Any CPU
		{67F9D3A8-F71E-4428-913F-C37AE82CDB24}.AppStore|x64.Build.0 = Debug|Any CPU
		{67F9D3A8-F71E-4428-913F-C37AE82CDB24}.AppStore|x86.ActiveCfg = Debug|Any CPU
		{67F9D3A8-F71E-4428-913F-C37AE82CDB24}.AppStore|x86.Build.0 = Debug|Any CPU
		{67F9D3A8-F71E-4428-913F-C37AE82CDB24}.Debug|Any CPU.ActiveCfg = Debug|Any CPU
		{67F9D3A8-F71E-4428-913F-C37AE82CDB24}.Debug|Any CPU.Build.0 = Debug|Any CPU
		{67F9D3A8-F71E-4428-913F-C37AE82CDB24}.Debug|ARM.ActiveCfg = Debug|Any CPU
		{67F9D3A8-F71E-4428-913F-C37AE82CDB24}.Debug|ARM.Build.0 = Debug|Any CPU
		{67F9D3A8-F71E-4428-913F-C37AE82CDB24}.Debug|iPhone.ActiveCfg = Debug|Any CPU
		{67F9D3A8-F71E-4428-913F-C37AE82CDB24}.Debug|iPhoneSimulator.ActiveCfg = Debug|Any CPU
		{67F9D3A8-F71E-4428-913F-C37AE82CDB24}.Debug|Mixed Platforms.ActiveCfg = Debug|Any CPU
		{67F9D3A8-F71E-4428-913F-C37AE82CDB24}.Debug|Mixed Platforms.Build.0 = Debug|Any CPU
		{67F9D3A8-F71E-4428-913F-C37AE82CDB24}.Debug|x64.ActiveCfg = Debug|Any CPU
		{67F9D3A8-F71E-4428-913F-C37AE82CDB24}.Debug|x64.Build.0 = Debug|Any CPU
		{67F9D3A8-F71E-4428-913F-C37AE82CDB24}.Debug|x86.ActiveCfg = Debug|Any CPU
		{67F9D3A8-F71E-4428-913F-C37AE82CDB24}.Debug|x86.Build.0 = Debug|Any CPU
		{67F9D3A8-F71E-4428-913F-C37AE82CDB24}.Release|Any CPU.ActiveCfg = Release|Any CPU
		{67F9D3A8-F71E-4428-913F-C37AE82CDB24}.Release|Any CPU.Build.0 = Release|Any CPU
		{67F9D3A8-F71E-4428-913F-C37AE82CDB24}.Release|ARM.ActiveCfg = Release|Any CPU
		{67F9D3A8-F71E-4428-913F-C37AE82CDB24}.Release|ARM.Build.0 = Release|Any CPU
		{67F9D3A8-F71E-4428-913F-C37AE82CDB24}.Release|iPhone.ActiveCfg = Release|Any CPU
		{67F9D3A8-F71E-4428-913F-C37AE82CDB24}.Release|iPhoneSimulator.ActiveCfg = Release|Any CPU
		{67F9D3A8-F71E-4428-913F-C37AE82CDB24}.Release|Mixed Platforms.ActiveCfg = Release|Any CPU
		{67F9D3A8-F71E-4428-913F-C37AE82CDB24}.Release|Mixed Platforms.Build.0 = Release|Any CPU
		{67F9D3A8-F71E-4428-913F-C37AE82CDB24}.Release|x64.ActiveCfg = Release|Any CPU
		{67F9D3A8-F71E-4428-913F-C37AE82CDB24}.Release|x64.Build.0 = Release|Any CPU
		{67F9D3A8-F71E-4428-913F-C37AE82CDB24}.Release|x86.ActiveCfg = Release|Any CPU
		{67F9D3A8-F71E-4428-913F-C37AE82CDB24}.Release|x86.Build.0 = Release|Any CPU
		{A15E380A-5681-4165-9328-55CED6DCA99B}.Ad-Hoc|Any CPU.ActiveCfg = Release|Any CPU
		{A15E380A-5681-4165-9328-55CED6DCA99B}.Ad-Hoc|Any CPU.Build.0 = Release|Any CPU
		{A15E380A-5681-4165-9328-55CED6DCA99B}.Ad-Hoc|ARM.ActiveCfg = Debug|Any CPU
		{A15E380A-5681-4165-9328-55CED6DCA99B}.Ad-Hoc|ARM.Build.0 = Debug|Any CPU
		{A15E380A-5681-4165-9328-55CED6DCA99B}.Ad-Hoc|iPhone.ActiveCfg = Release|Any CPU
		{A15E380A-5681-4165-9328-55CED6DCA99B}.Ad-Hoc|iPhoneSimulator.ActiveCfg = Release|Any CPU
		{A15E380A-5681-4165-9328-55CED6DCA99B}.Ad-Hoc|Mixed Platforms.ActiveCfg = Release|Any CPU
		{A15E380A-5681-4165-9328-55CED6DCA99B}.Ad-Hoc|Mixed Platforms.Build.0 = Release|Any CPU
		{A15E380A-5681-4165-9328-55CED6DCA99B}.Ad-Hoc|x64.ActiveCfg = Debug|Any CPU
		{A15E380A-5681-4165-9328-55CED6DCA99B}.Ad-Hoc|x64.Build.0 = Debug|Any CPU
		{A15E380A-5681-4165-9328-55CED6DCA99B}.Ad-Hoc|x86.ActiveCfg = Debug|Any CPU
		{A15E380A-5681-4165-9328-55CED6DCA99B}.Ad-Hoc|x86.Build.0 = Debug|Any CPU
		{A15E380A-5681-4165-9328-55CED6DCA99B}.AppStore|Any CPU.ActiveCfg = Release|Any CPU
		{A15E380A-5681-4165-9328-55CED6DCA99B}.AppStore|Any CPU.Build.0 = Release|Any CPU
		{A15E380A-5681-4165-9328-55CED6DCA99B}.AppStore|ARM.ActiveCfg = Debug|Any CPU
		{A15E380A-5681-4165-9328-55CED6DCA99B}.AppStore|ARM.Build.0 = Debug|Any CPU
		{A15E380A-5681-4165-9328-55CED6DCA99B}.AppStore|iPhone.ActiveCfg = Release|Any CPU
		{A15E380A-5681-4165-9328-55CED6DCA99B}.AppStore|iPhoneSimulator.ActiveCfg = Release|Any CPU
		{A15E380A-5681-4165-9328-55CED6DCA99B}.AppStore|Mixed Platforms.ActiveCfg = Release|Any CPU
		{A15E380A-5681-4165-9328-55CED6DCA99B}.AppStore|Mixed Platforms.Build.0 = Release|Any CPU
		{A15E380A-5681-4165-9328-55CED6DCA99B}.AppStore|x64.ActiveCfg = Debug|Any CPU
		{A15E380A-5681-4165-9328-55CED6DCA99B}.AppStore|x64.Build.0 = Debug|Any CPU
		{A15E380A-5681-4165-9328-55CED6DCA99B}.AppStore|x86.ActiveCfg = Debug|Any CPU
		{A15E380A-5681-4165-9328-55CED6DCA99B}.AppStore|x86.Build.0 = Debug|Any CPU
		{A15E380A-5681-4165-9328-55CED6DCA99B}.Debug|Any CPU.ActiveCfg = Debug|Any CPU
		{A15E380A-5681-4165-9328-55CED6DCA99B}.Debug|Any CPU.Build.0 = Debug|Any CPU
		{A15E380A-5681-4165-9328-55CED6DCA99B}.Debug|ARM.ActiveCfg = Debug|Any CPU
		{A15E380A-5681-4165-9328-55CED6DCA99B}.Debug|ARM.Build.0 = Debug|Any CPU
		{A15E380A-5681-4165-9328-55CED6DCA99B}.Debug|iPhone.ActiveCfg = Debug|Any CPU
		{A15E380A-5681-4165-9328-55CED6DCA99B}.Debug|iPhoneSimulator.ActiveCfg = Debug|Any CPU
		{A15E380A-5681-4165-9328-55CED6DCA99B}.Debug|Mixed Platforms.ActiveCfg = Debug|Any CPU
		{A15E380A-5681-4165-9328-55CED6DCA99B}.Debug|Mixed Platforms.Build.0 = Debug|Any CPU
		{A15E380A-5681-4165-9328-55CED6DCA99B}.Debug|x64.ActiveCfg = Debug|Any CPU
		{A15E380A-5681-4165-9328-55CED6DCA99B}.Debug|x64.Build.0 = Debug|Any CPU
		{A15E380A-5681-4165-9328-55CED6DCA99B}.Debug|x86.ActiveCfg = Debug|Any CPU
		{A15E380A-5681-4165-9328-55CED6DCA99B}.Debug|x86.Build.0 = Debug|Any CPU
		{A15E380A-5681-4165-9328-55CED6DCA99B}.Release|Any CPU.ActiveCfg = Release|Any CPU
		{A15E380A-5681-4165-9328-55CED6DCA99B}.Release|Any CPU.Build.0 = Release|Any CPU
		{A15E380A-5681-4165-9328-55CED6DCA99B}.Release|ARM.ActiveCfg = Release|Any CPU
		{A15E380A-5681-4165-9328-55CED6DCA99B}.Release|ARM.Build.0 = Release|Any CPU
		{A15E380A-5681-4165-9328-55CED6DCA99B}.Release|iPhone.ActiveCfg = Release|Any CPU
		{A15E380A-5681-4165-9328-55CED6DCA99B}.Release|iPhoneSimulator.ActiveCfg = Release|Any CPU
		{A15E380A-5681-4165-9328-55CED6DCA99B}.Release|Mixed Platforms.ActiveCfg = Release|Any CPU
		{A15E380A-5681-4165-9328-55CED6DCA99B}.Release|Mixed Platforms.Build.0 = Release|Any CPU
		{A15E380A-5681-4165-9328-55CED6DCA99B}.Release|x64.ActiveCfg = Release|Any CPU
		{A15E380A-5681-4165-9328-55CED6DCA99B}.Release|x64.Build.0 = Release|Any CPU
		{A15E380A-5681-4165-9328-55CED6DCA99B}.Release|x86.ActiveCfg = Release|Any CPU
		{A15E380A-5681-4165-9328-55CED6DCA99B}.Release|x86.Build.0 = Release|Any CPU
		{3387CF61-06CF-4650-AEE8-04801CDD6D03}.Ad-Hoc|Any CPU.ActiveCfg = Release|Any CPU
		{3387CF61-06CF-4650-AEE8-04801CDD6D03}.Ad-Hoc|Any CPU.Build.0 = Release|Any CPU
		{3387CF61-06CF-4650-AEE8-04801CDD6D03}.Ad-Hoc|ARM.ActiveCfg = Debug|Any CPU
		{3387CF61-06CF-4650-AEE8-04801CDD6D03}.Ad-Hoc|ARM.Build.0 = Debug|Any CPU
		{3387CF61-06CF-4650-AEE8-04801CDD6D03}.Ad-Hoc|iPhone.ActiveCfg = Release|Any CPU
		{3387CF61-06CF-4650-AEE8-04801CDD6D03}.Ad-Hoc|iPhoneSimulator.ActiveCfg = Release|Any CPU
		{3387CF61-06CF-4650-AEE8-04801CDD6D03}.Ad-Hoc|Mixed Platforms.ActiveCfg = Release|Any CPU
		{3387CF61-06CF-4650-AEE8-04801CDD6D03}.Ad-Hoc|Mixed Platforms.Build.0 = Release|Any CPU
		{3387CF61-06CF-4650-AEE8-04801CDD6D03}.Ad-Hoc|x64.ActiveCfg = Debug|Any CPU
		{3387CF61-06CF-4650-AEE8-04801CDD6D03}.Ad-Hoc|x64.Build.0 = Debug|Any CPU
		{3387CF61-06CF-4650-AEE8-04801CDD6D03}.Ad-Hoc|x86.ActiveCfg = Debug|Any CPU
		{3387CF61-06CF-4650-AEE8-04801CDD6D03}.Ad-Hoc|x86.Build.0 = Debug|Any CPU
		{3387CF61-06CF-4650-AEE8-04801CDD6D03}.AppStore|Any CPU.ActiveCfg = Release|Any CPU
		{3387CF61-06CF-4650-AEE8-04801CDD6D03}.AppStore|Any CPU.Build.0 = Release|Any CPU
		{3387CF61-06CF-4650-AEE8-04801CDD6D03}.AppStore|ARM.ActiveCfg = Debug|Any CPU
		{3387CF61-06CF-4650-AEE8-04801CDD6D03}.AppStore|ARM.Build.0 = Debug|Any CPU
		{3387CF61-06CF-4650-AEE8-04801CDD6D03}.AppStore|iPhone.ActiveCfg = Release|Any CPU
		{3387CF61-06CF-4650-AEE8-04801CDD6D03}.AppStore|iPhoneSimulator.ActiveCfg = Release|Any CPU
		{3387CF61-06CF-4650-AEE8-04801CDD6D03}.AppStore|Mixed Platforms.ActiveCfg = Release|Any CPU
		{3387CF61-06CF-4650-AEE8-04801CDD6D03}.AppStore|Mixed Platforms.Build.0 = Release|Any CPU
		{3387CF61-06CF-4650-AEE8-04801CDD6D03}.AppStore|x64.ActiveCfg = Debug|Any CPU
		{3387CF61-06CF-4650-AEE8-04801CDD6D03}.AppStore|x64.Build.0 = Debug|Any CPU
		{3387CF61-06CF-4650-AEE8-04801CDD6D03}.AppStore|x86.ActiveCfg = Debug|Any CPU
		{3387CF61-06CF-4650-AEE8-04801CDD6D03}.AppStore|x86.Build.0 = Debug|Any CPU
		{3387CF61-06CF-4650-AEE8-04801CDD6D03}.Debug|Any CPU.ActiveCfg = Debug|Any CPU
		{3387CF61-06CF-4650-AEE8-04801CDD6D03}.Debug|Any CPU.Build.0 = Debug|Any CPU
		{3387CF61-06CF-4650-AEE8-04801CDD6D03}.Debug|ARM.ActiveCfg = Debug|Any CPU
		{3387CF61-06CF-4650-AEE8-04801CDD6D03}.Debug|ARM.Build.0 = Debug|Any CPU
		{3387CF61-06CF-4650-AEE8-04801CDD6D03}.Debug|iPhone.ActiveCfg = Debug|Any CPU
		{3387CF61-06CF-4650-AEE8-04801CDD6D03}.Debug|iPhoneSimulator.ActiveCfg = Debug|Any CPU
		{3387CF61-06CF-4650-AEE8-04801CDD6D03}.Debug|Mixed Platforms.ActiveCfg = Debug|Any CPU
		{3387CF61-06CF-4650-AEE8-04801CDD6D03}.Debug|Mixed Platforms.Build.0 = Debug|Any CPU
		{3387CF61-06CF-4650-AEE8-04801CDD6D03}.Debug|x64.ActiveCfg = Debug|Any CPU
		{3387CF61-06CF-4650-AEE8-04801CDD6D03}.Debug|x64.Build.0 = Debug|Any CPU
		{3387CF61-06CF-4650-AEE8-04801CDD6D03}.Debug|x86.ActiveCfg = Debug|Any CPU
		{3387CF61-06CF-4650-AEE8-04801CDD6D03}.Debug|x86.Build.0 = Debug|Any CPU
		{3387CF61-06CF-4650-AEE8-04801CDD6D03}.Release|Any CPU.ActiveCfg = Release|Any CPU
		{3387CF61-06CF-4650-AEE8-04801CDD6D03}.Release|Any CPU.Build.0 = Release|Any CPU
		{3387CF61-06CF-4650-AEE8-04801CDD6D03}.Release|ARM.ActiveCfg = Release|Any CPU
		{3387CF61-06CF-4650-AEE8-04801CDD6D03}.Release|ARM.Build.0 = Release|Any CPU
		{3387CF61-06CF-4650-AEE8-04801CDD6D03}.Release|iPhone.ActiveCfg = Release|Any CPU
		{3387CF61-06CF-4650-AEE8-04801CDD6D03}.Release|iPhoneSimulator.ActiveCfg = Release|Any CPU
		{3387CF61-06CF-4650-AEE8-04801CDD6D03}.Release|Mixed Platforms.ActiveCfg = Release|Any CPU
		{3387CF61-06CF-4650-AEE8-04801CDD6D03}.Release|Mixed Platforms.Build.0 = Release|Any CPU
		{3387CF61-06CF-4650-AEE8-04801CDD6D03}.Release|x64.ActiveCfg = Release|Any CPU
		{3387CF61-06CF-4650-AEE8-04801CDD6D03}.Release|x64.Build.0 = Release|Any CPU
		{3387CF61-06CF-4650-AEE8-04801CDD6D03}.Release|x86.ActiveCfg = Release|Any CPU
		{3387CF61-06CF-4650-AEE8-04801CDD6D03}.Release|x86.Build.0 = Release|Any CPU
		{EBDB5AB1-B098-449A-80B3-F92012231051}.Ad-Hoc|Any CPU.ActiveCfg = Release|Any CPU
		{EBDB5AB1-B098-449A-80B3-F92012231051}.Ad-Hoc|Any CPU.Build.0 = Release|Any CPU
		{EBDB5AB1-B098-449A-80B3-F92012231051}.Ad-Hoc|ARM.ActiveCfg = Release|Any CPU
		{EBDB5AB1-B098-449A-80B3-F92012231051}.Ad-Hoc|ARM.Build.0 = Release|Any CPU
		{EBDB5AB1-B098-449A-80B3-F92012231051}.Ad-Hoc|iPhone.ActiveCfg = Release|Any CPU
		{EBDB5AB1-B098-449A-80B3-F92012231051}.Ad-Hoc|iPhone.Build.0 = Release|Any CPU
		{EBDB5AB1-B098-449A-80B3-F92012231051}.Ad-Hoc|iPhoneSimulator.ActiveCfg = Release|Any CPU
		{EBDB5AB1-B098-449A-80B3-F92012231051}.Ad-Hoc|iPhoneSimulator.Build.0 = Release|Any CPU
		{EBDB5AB1-B098-449A-80B3-F92012231051}.Ad-Hoc|Mixed Platforms.ActiveCfg = Release|Any CPU
		{EBDB5AB1-B098-449A-80B3-F92012231051}.Ad-Hoc|Mixed Platforms.Build.0 = Release|Any CPU
		{EBDB5AB1-B098-449A-80B3-F92012231051}.Ad-Hoc|x64.ActiveCfg = Release|Any CPU
		{EBDB5AB1-B098-449A-80B3-F92012231051}.Ad-Hoc|x64.Build.0 = Release|Any CPU
		{EBDB5AB1-B098-449A-80B3-F92012231051}.Ad-Hoc|x86.ActiveCfg = Release|Any CPU
		{EBDB5AB1-B098-449A-80B3-F92012231051}.Ad-Hoc|x86.Build.0 = Release|Any CPU
		{EBDB5AB1-B098-449A-80B3-F92012231051}.AppStore|Any CPU.ActiveCfg = Release|Any CPU
		{EBDB5AB1-B098-449A-80B3-F92012231051}.AppStore|Any CPU.Build.0 = Release|Any CPU
		{EBDB5AB1-B098-449A-80B3-F92012231051}.AppStore|ARM.ActiveCfg = Release|Any CPU
		{EBDB5AB1-B098-449A-80B3-F92012231051}.AppStore|ARM.Build.0 = Release|Any CPU
		{EBDB5AB1-B098-449A-80B3-F92012231051}.AppStore|iPhone.ActiveCfg = Release|Any CPU
		{EBDB5AB1-B098-449A-80B3-F92012231051}.AppStore|iPhone.Build.0 = Release|Any CPU
		{EBDB5AB1-B098-449A-80B3-F92012231051}.AppStore|iPhoneSimulator.ActiveCfg = Release|Any CPU
		{EBDB5AB1-B098-449A-80B3-F92012231051}.AppStore|iPhoneSimulator.Build.0 = Release|Any CPU
		{EBDB5AB1-B098-449A-80B3-F92012231051}.AppStore|Mixed Platforms.ActiveCfg = Release|Any CPU
		{EBDB5AB1-B098-449A-80B3-F92012231051}.AppStore|Mixed Platforms.Build.0 = Release|Any CPU
		{EBDB5AB1-B098-449A-80B3-F92012231051}.AppStore|x64.ActiveCfg = Release|Any CPU
		{EBDB5AB1-B098-449A-80B3-F92012231051}.AppStore|x64.Build.0 = Release|Any CPU
		{EBDB5AB1-B098-449A-80B3-F92012231051}.AppStore|x86.ActiveCfg = Release|Any CPU
		{EBDB5AB1-B098-449A-80B3-F92012231051}.AppStore|x86.Build.0 = Release|Any CPU
		{EBDB5AB1-B098-449A-80B3-F92012231051}.Debug|Any CPU.ActiveCfg = Debug|Any CPU
		{EBDB5AB1-B098-449A-80B3-F92012231051}.Debug|Any CPU.Build.0 = Debug|Any CPU
		{EBDB5AB1-B098-449A-80B3-F92012231051}.Debug|ARM.ActiveCfg = Debug|Any CPU
		{EBDB5AB1-B098-449A-80B3-F92012231051}.Debug|ARM.Build.0 = Debug|Any CPU
		{EBDB5AB1-B098-449A-80B3-F92012231051}.Debug|iPhone.ActiveCfg = Debug|Any CPU
		{EBDB5AB1-B098-449A-80B3-F92012231051}.Debug|iPhone.Build.0 = Debug|Any CPU
		{EBDB5AB1-B098-449A-80B3-F92012231051}.Debug|iPhoneSimulator.ActiveCfg = Debug|Any CPU
		{EBDB5AB1-B098-449A-80B3-F92012231051}.Debug|iPhoneSimulator.Build.0 = Debug|Any CPU
		{EBDB5AB1-B098-449A-80B3-F92012231051}.Debug|Mixed Platforms.ActiveCfg = Debug|Any CPU
		{EBDB5AB1-B098-449A-80B3-F92012231051}.Debug|Mixed Platforms.Build.0 = Debug|Any CPU
		{EBDB5AB1-B098-449A-80B3-F92012231051}.Debug|x64.ActiveCfg = Debug|Any CPU
		{EBDB5AB1-B098-449A-80B3-F92012231051}.Debug|x64.Build.0 = Debug|Any CPU
		{EBDB5AB1-B098-449A-80B3-F92012231051}.Debug|x86.ActiveCfg = Debug|Any CPU
		{EBDB5AB1-B098-449A-80B3-F92012231051}.Debug|x86.Build.0 = Debug|Any CPU
		{EBDB5AB1-B098-449A-80B3-F92012231051}.Release|Any CPU.ActiveCfg = Release|Any CPU
		{EBDB5AB1-B098-449A-80B3-F92012231051}.Release|Any CPU.Build.0 = Release|Any CPU
		{EBDB5AB1-B098-449A-80B3-F92012231051}.Release|ARM.ActiveCfg = Release|Any CPU
		{EBDB5AB1-B098-449A-80B3-F92012231051}.Release|ARM.Build.0 = Release|Any CPU
		{EBDB5AB1-B098-449A-80B3-F92012231051}.Release|iPhone.ActiveCfg = Release|Any CPU
		{EBDB5AB1-B098-449A-80B3-F92012231051}.Release|iPhone.Build.0 = Release|Any CPU
		{EBDB5AB1-B098-449A-80B3-F92012231051}.Release|iPhoneSimulator.ActiveCfg = Release|Any CPU
		{EBDB5AB1-B098-449A-80B3-F92012231051}.Release|iPhoneSimulator.Build.0 = Release|Any CPU
		{EBDB5AB1-B098-449A-80B3-F92012231051}.Release|Mixed Platforms.ActiveCfg = Release|Any CPU
		{EBDB5AB1-B098-449A-80B3-F92012231051}.Release|Mixed Platforms.Build.0 = Release|Any CPU
		{EBDB5AB1-B098-449A-80B3-F92012231051}.Release|x64.ActiveCfg = Release|Any CPU
		{EBDB5AB1-B098-449A-80B3-F92012231051}.Release|x64.Build.0 = Release|Any CPU
		{EBDB5AB1-B098-449A-80B3-F92012231051}.Release|x86.ActiveCfg = Release|Any CPU
		{EBDB5AB1-B098-449A-80B3-F92012231051}.Release|x86.Build.0 = Release|Any CPU
		{04681EF5-2A79-4688-8A5F-0D971C842E8E}.Ad-Hoc|Any CPU.ActiveCfg = Release|Any CPU
		{04681EF5-2A79-4688-8A5F-0D971C842E8E}.Ad-Hoc|Any CPU.Build.0 = Release|Any CPU
		{04681EF5-2A79-4688-8A5F-0D971C842E8E}.Ad-Hoc|ARM.ActiveCfg = Release|Any CPU
		{04681EF5-2A79-4688-8A5F-0D971C842E8E}.Ad-Hoc|ARM.Build.0 = Release|Any CPU
		{04681EF5-2A79-4688-8A5F-0D971C842E8E}.Ad-Hoc|iPhone.ActiveCfg = Release|Any CPU
		{04681EF5-2A79-4688-8A5F-0D971C842E8E}.Ad-Hoc|iPhone.Build.0 = Release|Any CPU
		{04681EF5-2A79-4688-8A5F-0D971C842E8E}.Ad-Hoc|iPhoneSimulator.ActiveCfg = Release|Any CPU
		{04681EF5-2A79-4688-8A5F-0D971C842E8E}.Ad-Hoc|iPhoneSimulator.Build.0 = Release|Any CPU
		{04681EF5-2A79-4688-8A5F-0D971C842E8E}.Ad-Hoc|Mixed Platforms.ActiveCfg = Release|Any CPU
		{04681EF5-2A79-4688-8A5F-0D971C842E8E}.Ad-Hoc|Mixed Platforms.Build.0 = Release|Any CPU
		{04681EF5-2A79-4688-8A5F-0D971C842E8E}.Ad-Hoc|x64.ActiveCfg = Release|Any CPU
		{04681EF5-2A79-4688-8A5F-0D971C842E8E}.Ad-Hoc|x64.Build.0 = Release|Any CPU
		{04681EF5-2A79-4688-8A5F-0D971C842E8E}.Ad-Hoc|x86.ActiveCfg = Release|Any CPU
		{04681EF5-2A79-4688-8A5F-0D971C842E8E}.Ad-Hoc|x86.Build.0 = Release|Any CPU
		{04681EF5-2A79-4688-8A5F-0D971C842E8E}.AppStore|Any CPU.ActiveCfg = Release|Any CPU
		{04681EF5-2A79-4688-8A5F-0D971C842E8E}.AppStore|Any CPU.Build.0 = Release|Any CPU
		{04681EF5-2A79-4688-8A5F-0D971C842E8E}.AppStore|ARM.ActiveCfg = Release|Any CPU
		{04681EF5-2A79-4688-8A5F-0D971C842E8E}.AppStore|ARM.Build.0 = Release|Any CPU
		{04681EF5-2A79-4688-8A5F-0D971C842E8E}.AppStore|iPhone.ActiveCfg = Release|Any CPU
		{04681EF5-2A79-4688-8A5F-0D971C842E8E}.AppStore|iPhone.Build.0 = Release|Any CPU
		{04681EF5-2A79-4688-8A5F-0D971C842E8E}.AppStore|iPhoneSimulator.ActiveCfg = Release|Any CPU
		{04681EF5-2A79-4688-8A5F-0D971C842E8E}.AppStore|iPhoneSimulator.Build.0 = Release|Any CPU
		{04681EF5-2A79-4688-8A5F-0D971C842E8E}.AppStore|Mixed Platforms.ActiveCfg = Release|Any CPU
		{04681EF5-2A79-4688-8A5F-0D971C842E8E}.AppStore|Mixed Platforms.Build.0 = Release|Any CPU
		{04681EF5-2A79-4688-8A5F-0D971C842E8E}.AppStore|x64.ActiveCfg = Release|Any CPU
		{04681EF5-2A79-4688-8A5F-0D971C842E8E}.AppStore|x64.Build.0 = Release|Any CPU
		{04681EF5-2A79-4688-8A5F-0D971C842E8E}.AppStore|x86.ActiveCfg = Release|Any CPU
		{04681EF5-2A79-4688-8A5F-0D971C842E8E}.AppStore|x86.Build.0 = Release|Any CPU
		{04681EF5-2A79-4688-8A5F-0D971C842E8E}.Debug|Any CPU.ActiveCfg = Debug|Any CPU
		{04681EF5-2A79-4688-8A5F-0D971C842E8E}.Debug|Any CPU.Build.0 = Debug|Any CPU
		{04681EF5-2A79-4688-8A5F-0D971C842E8E}.Debug|ARM.ActiveCfg = Debug|Any CPU
		{04681EF5-2A79-4688-8A5F-0D971C842E8E}.Debug|ARM.Build.0 = Debug|Any CPU
		{04681EF5-2A79-4688-8A5F-0D971C842E8E}.Debug|iPhone.ActiveCfg = Debug|Any CPU
		{04681EF5-2A79-4688-8A5F-0D971C842E8E}.Debug|iPhone.Build.0 = Debug|Any CPU
		{04681EF5-2A79-4688-8A5F-0D971C842E8E}.Debug|iPhoneSimulator.ActiveCfg = Debug|Any CPU
		{04681EF5-2A79-4688-8A5F-0D971C842E8E}.Debug|iPhoneSimulator.Build.0 = Debug|Any CPU
		{04681EF5-2A79-4688-8A5F-0D971C842E8E}.Debug|Mixed Platforms.ActiveCfg = Debug|Any CPU
		{04681EF5-2A79-4688-8A5F-0D971C842E8E}.Debug|Mixed Platforms.Build.0 = Debug|Any CPU
		{04681EF5-2A79-4688-8A5F-0D971C842E8E}.Debug|x64.ActiveCfg = Debug|Any CPU
		{04681EF5-2A79-4688-8A5F-0D971C842E8E}.Debug|x64.Build.0 = Debug|Any CPU
		{04681EF5-2A79-4688-8A5F-0D971C842E8E}.Debug|x86.ActiveCfg = Debug|Any CPU
		{04681EF5-2A79-4688-8A5F-0D971C842E8E}.Debug|x86.Build.0 = Debug|Any CPU
		{04681EF5-2A79-4688-8A5F-0D971C842E8E}.Release|Any CPU.ActiveCfg = Release|Any CPU
		{04681EF5-2A79-4688-8A5F-0D971C842E8E}.Release|Any CPU.Build.0 = Release|Any CPU
		{04681EF5-2A79-4688-8A5F-0D971C842E8E}.Release|ARM.ActiveCfg = Release|Any CPU
		{04681EF5-2A79-4688-8A5F-0D971C842E8E}.Release|ARM.Build.0 = Release|Any CPU
		{04681EF5-2A79-4688-8A5F-0D971C842E8E}.Release|iPhone.ActiveCfg = Release|Any CPU
		{04681EF5-2A79-4688-8A5F-0D971C842E8E}.Release|iPhone.Build.0 = Release|Any CPU
		{04681EF5-2A79-4688-8A5F-0D971C842E8E}.Release|iPhoneSimulator.ActiveCfg = Release|Any CPU
		{04681EF5-2A79-4688-8A5F-0D971C842E8E}.Release|iPhoneSimulator.Build.0 = Release|Any CPU
		{04681EF5-2A79-4688-8A5F-0D971C842E8E}.Release|Mixed Platforms.ActiveCfg = Release|Any CPU
		{04681EF5-2A79-4688-8A5F-0D971C842E8E}.Release|Mixed Platforms.Build.0 = Release|Any CPU
		{04681EF5-2A79-4688-8A5F-0D971C842E8E}.Release|x64.ActiveCfg = Release|Any CPU
		{04681EF5-2A79-4688-8A5F-0D971C842E8E}.Release|x64.Build.0 = Release|Any CPU
		{04681EF5-2A79-4688-8A5F-0D971C842E8E}.Release|x86.ActiveCfg = Release|Any CPU
		{04681EF5-2A79-4688-8A5F-0D971C842E8E}.Release|x86.Build.0 = Release|Any CPU
		{60852E84-1285-4E06-8333-1E8ED68502EA}.Ad-Hoc|Any CPU.ActiveCfg = Release|Any CPU
		{60852E84-1285-4E06-8333-1E8ED68502EA}.Ad-Hoc|Any CPU.Build.0 = Release|Any CPU
		{60852E84-1285-4E06-8333-1E8ED68502EA}.Ad-Hoc|ARM.ActiveCfg = Release|Any CPU
		{60852E84-1285-4E06-8333-1E8ED68502EA}.Ad-Hoc|ARM.Build.0 = Release|Any CPU
		{60852E84-1285-4E06-8333-1E8ED68502EA}.Ad-Hoc|iPhone.ActiveCfg = Release|Any CPU
		{60852E84-1285-4E06-8333-1E8ED68502EA}.Ad-Hoc|iPhone.Build.0 = Release|Any CPU
		{60852E84-1285-4E06-8333-1E8ED68502EA}.Ad-Hoc|iPhoneSimulator.ActiveCfg = Release|Any CPU
		{60852E84-1285-4E06-8333-1E8ED68502EA}.Ad-Hoc|iPhoneSimulator.Build.0 = Release|Any CPU
		{60852E84-1285-4E06-8333-1E8ED68502EA}.Ad-Hoc|Mixed Platforms.ActiveCfg = Release|Any CPU
		{60852E84-1285-4E06-8333-1E8ED68502EA}.Ad-Hoc|Mixed Platforms.Build.0 = Release|Any CPU
		{60852E84-1285-4E06-8333-1E8ED68502EA}.Ad-Hoc|x64.ActiveCfg = Release|Any CPU
		{60852E84-1285-4E06-8333-1E8ED68502EA}.Ad-Hoc|x64.Build.0 = Release|Any CPU
		{60852E84-1285-4E06-8333-1E8ED68502EA}.Ad-Hoc|x86.ActiveCfg = Release|Any CPU
		{60852E84-1285-4E06-8333-1E8ED68502EA}.Ad-Hoc|x86.Build.0 = Release|Any CPU
		{60852E84-1285-4E06-8333-1E8ED68502EA}.AppStore|Any CPU.ActiveCfg = Release|Any CPU
		{60852E84-1285-4E06-8333-1E8ED68502EA}.AppStore|Any CPU.Build.0 = Release|Any CPU
		{60852E84-1285-4E06-8333-1E8ED68502EA}.AppStore|ARM.ActiveCfg = Release|Any CPU
		{60852E84-1285-4E06-8333-1E8ED68502EA}.AppStore|ARM.Build.0 = Release|Any CPU
		{60852E84-1285-4E06-8333-1E8ED68502EA}.AppStore|iPhone.ActiveCfg = Release|Any CPU
		{60852E84-1285-4E06-8333-1E8ED68502EA}.AppStore|iPhone.Build.0 = Release|Any CPU
		{60852E84-1285-4E06-8333-1E8ED68502EA}.AppStore|iPhoneSimulator.ActiveCfg = Release|Any CPU
		{60852E84-1285-4E06-8333-1E8ED68502EA}.AppStore|iPhoneSimulator.Build.0 = Release|Any CPU
		{60852E84-1285-4E06-8333-1E8ED68502EA}.AppStore|Mixed Platforms.ActiveCfg = Release|Any CPU
		{60852E84-1285-4E06-8333-1E8ED68502EA}.AppStore|Mixed Platforms.Build.0 = Release|Any CPU
		{60852E84-1285-4E06-8333-1E8ED68502EA}.AppStore|x64.ActiveCfg = Release|Any CPU
		{60852E84-1285-4E06-8333-1E8ED68502EA}.AppStore|x64.Build.0 = Release|Any CPU
		{60852E84-1285-4E06-8333-1E8ED68502EA}.AppStore|x86.ActiveCfg = Release|Any CPU
		{60852E84-1285-4E06-8333-1E8ED68502EA}.AppStore|x86.Build.0 = Release|Any CPU
		{60852E84-1285-4E06-8333-1E8ED68502EA}.Debug|Any CPU.ActiveCfg = Debug|Any CPU
		{60852E84-1285-4E06-8333-1E8ED68502EA}.Debug|Any CPU.Build.0 = Debug|Any CPU
		{60852E84-1285-4E06-8333-1E8ED68502EA}.Debug|ARM.ActiveCfg = Debug|Any CPU
		{60852E84-1285-4E06-8333-1E8ED68502EA}.Debug|ARM.Build.0 = Debug|Any CPU
		{60852E84-1285-4E06-8333-1E8ED68502EA}.Debug|iPhone.ActiveCfg = Debug|Any CPU
		{60852E84-1285-4E06-8333-1E8ED68502EA}.Debug|iPhone.Build.0 = Debug|Any CPU
		{60852E84-1285-4E06-8333-1E8ED68502EA}.Debug|iPhoneSimulator.ActiveCfg = Debug|Any CPU
		{60852E84-1285-4E06-8333-1E8ED68502EA}.Debug|iPhoneSimulator.Build.0 = Debug|Any CPU
		{60852E84-1285-4E06-8333-1E8ED68502EA}.Debug|Mixed Platforms.ActiveCfg = Debug|Any CPU
		{60852E84-1285-4E06-8333-1E8ED68502EA}.Debug|Mixed Platforms.Build.0 = Debug|Any CPU
		{60852E84-1285-4E06-8333-1E8ED68502EA}.Debug|x64.ActiveCfg = Debug|Any CPU
		{60852E84-1285-4E06-8333-1E8ED68502EA}.Debug|x64.Build.0 = Debug|Any CPU
		{60852E84-1285-4E06-8333-1E8ED68502EA}.Debug|x86.ActiveCfg = Debug|Any CPU
		{60852E84-1285-4E06-8333-1E8ED68502EA}.Debug|x86.Build.0 = Debug|Any CPU
		{60852E84-1285-4E06-8333-1E8ED68502EA}.Release|Any CPU.ActiveCfg = Release|Any CPU
		{60852E84-1285-4E06-8333-1E8ED68502EA}.Release|Any CPU.Build.0 = Release|Any CPU
		{60852E84-1285-4E06-8333-1E8ED68502EA}.Release|ARM.ActiveCfg = Release|Any CPU
		{60852E84-1285-4E06-8333-1E8ED68502EA}.Release|ARM.Build.0 = Release|Any CPU
		{60852E84-1285-4E06-8333-1E8ED68502EA}.Release|iPhone.ActiveCfg = Release|Any CPU
		{60852E84-1285-4E06-8333-1E8ED68502EA}.Release|iPhone.Build.0 = Release|Any CPU
		{60852E84-1285-4E06-8333-1E8ED68502EA}.Release|iPhoneSimulator.ActiveCfg = Release|Any CPU
		{60852E84-1285-4E06-8333-1E8ED68502EA}.Release|iPhoneSimulator.Build.0 = Release|Any CPU
		{60852E84-1285-4E06-8333-1E8ED68502EA}.Release|Mixed Platforms.ActiveCfg = Release|Any CPU
		{60852E84-1285-4E06-8333-1E8ED68502EA}.Release|Mixed Platforms.Build.0 = Release|Any CPU
		{60852E84-1285-4E06-8333-1E8ED68502EA}.Release|x64.ActiveCfg = Release|Any CPU
		{60852E84-1285-4E06-8333-1E8ED68502EA}.Release|x64.Build.0 = Release|Any CPU
		{60852E84-1285-4E06-8333-1E8ED68502EA}.Release|x86.ActiveCfg = Release|Any CPU
		{60852E84-1285-4E06-8333-1E8ED68502EA}.Release|x86.Build.0 = Release|Any CPU
		{C293DB32-FA42-486D-B128-5A12522FAE4E}.Ad-Hoc|Any CPU.ActiveCfg = Release|Any CPU
		{C293DB32-FA42-486D-B128-5A12522FAE4E}.Ad-Hoc|Any CPU.Build.0 = Release|Any CPU
		{C293DB32-FA42-486D-B128-5A12522FAE4E}.Ad-Hoc|ARM.ActiveCfg = Release|Any CPU
		{C293DB32-FA42-486D-B128-5A12522FAE4E}.Ad-Hoc|ARM.Build.0 = Release|Any CPU
		{C293DB32-FA42-486D-B128-5A12522FAE4E}.Ad-Hoc|iPhone.ActiveCfg = Release|Any CPU
		{C293DB32-FA42-486D-B128-5A12522FAE4E}.Ad-Hoc|iPhone.Build.0 = Release|Any CPU
		{C293DB32-FA42-486D-B128-5A12522FAE4E}.Ad-Hoc|iPhoneSimulator.ActiveCfg = Release|Any CPU
		{C293DB32-FA42-486D-B128-5A12522FAE4E}.Ad-Hoc|iPhoneSimulator.Build.0 = Release|Any CPU
		{C293DB32-FA42-486D-B128-5A12522FAE4E}.Ad-Hoc|Mixed Platforms.ActiveCfg = Release|Any CPU
		{C293DB32-FA42-486D-B128-5A12522FAE4E}.Ad-Hoc|Mixed Platforms.Build.0 = Release|Any CPU
		{C293DB32-FA42-486D-B128-5A12522FAE4E}.Ad-Hoc|x64.ActiveCfg = Release|Any CPU
		{C293DB32-FA42-486D-B128-5A12522FAE4E}.Ad-Hoc|x64.Build.0 = Release|Any CPU
		{C293DB32-FA42-486D-B128-5A12522FAE4E}.Ad-Hoc|x86.ActiveCfg = Release|Any CPU
		{C293DB32-FA42-486D-B128-5A12522FAE4E}.Ad-Hoc|x86.Build.0 = Release|Any CPU
		{C293DB32-FA42-486D-B128-5A12522FAE4E}.AppStore|Any CPU.ActiveCfg = Release|Any CPU
		{C293DB32-FA42-486D-B128-5A12522FAE4E}.AppStore|Any CPU.Build.0 = Release|Any CPU
		{C293DB32-FA42-486D-B128-5A12522FAE4E}.AppStore|ARM.ActiveCfg = Release|Any CPU
		{C293DB32-FA42-486D-B128-5A12522FAE4E}.AppStore|ARM.Build.0 = Release|Any CPU
		{C293DB32-FA42-486D-B128-5A12522FAE4E}.AppStore|iPhone.ActiveCfg = Release|Any CPU
		{C293DB32-FA42-486D-B128-5A12522FAE4E}.AppStore|iPhone.Build.0 = Release|Any CPU
		{C293DB32-FA42-486D-B128-5A12522FAE4E}.AppStore|iPhoneSimulator.ActiveCfg = Release|Any CPU
		{C293DB32-FA42-486D-B128-5A12522FAE4E}.AppStore|iPhoneSimulator.Build.0 = Release|Any CPU
		{C293DB32-FA42-486D-B128-5A12522FAE4E}.AppStore|Mixed Platforms.ActiveCfg = Release|Any CPU
		{C293DB32-FA42-486D-B128-5A12522FAE4E}.AppStore|Mixed Platforms.Build.0 = Release|Any CPU
		{C293DB32-FA42-486D-B128-5A12522FAE4E}.AppStore|x64.ActiveCfg = Release|Any CPU
		{C293DB32-FA42-486D-B128-5A12522FAE4E}.AppStore|x64.Build.0 = Release|Any CPU
		{C293DB32-FA42-486D-B128-5A12522FAE4E}.AppStore|x86.ActiveCfg = Release|Any CPU
		{C293DB32-FA42-486D-B128-5A12522FAE4E}.AppStore|x86.Build.0 = Release|Any CPU
		{C293DB32-FA42-486D-B128-5A12522FAE4E}.Debug|Any CPU.ActiveCfg = Debug|Any CPU
		{C293DB32-FA42-486D-B128-5A12522FAE4E}.Debug|Any CPU.Build.0 = Debug|Any CPU
		{C293DB32-FA42-486D-B128-5A12522FAE4E}.Debug|ARM.ActiveCfg = Debug|Any CPU
		{C293DB32-FA42-486D-B128-5A12522FAE4E}.Debug|ARM.Build.0 = Debug|Any CPU
		{C293DB32-FA42-486D-B128-5A12522FAE4E}.Debug|iPhone.ActiveCfg = Debug|Any CPU
		{C293DB32-FA42-486D-B128-5A12522FAE4E}.Debug|iPhone.Build.0 = Debug|Any CPU
		{C293DB32-FA42-486D-B128-5A12522FAE4E}.Debug|iPhoneSimulator.ActiveCfg = Debug|Any CPU
		{C293DB32-FA42-486D-B128-5A12522FAE4E}.Debug|iPhoneSimulator.Build.0 = Debug|Any CPU
		{C293DB32-FA42-486D-B128-5A12522FAE4E}.Debug|Mixed Platforms.ActiveCfg = Debug|Any CPU
		{C293DB32-FA42-486D-B128-5A12522FAE4E}.Debug|Mixed Platforms.Build.0 = Debug|Any CPU
		{C293DB32-FA42-486D-B128-5A12522FAE4E}.Debug|x64.ActiveCfg = Debug|Any CPU
		{C293DB32-FA42-486D-B128-5A12522FAE4E}.Debug|x64.Build.0 = Debug|Any CPU
		{C293DB32-FA42-486D-B128-5A12522FAE4E}.Debug|x86.ActiveCfg = Debug|Any CPU
		{C293DB32-FA42-486D-B128-5A12522FAE4E}.Debug|x86.Build.0 = Debug|Any CPU
		{C293DB32-FA42-486D-B128-5A12522FAE4E}.Release|Any CPU.ActiveCfg = Release|Any CPU
		{C293DB32-FA42-486D-B128-5A12522FAE4E}.Release|Any CPU.Build.0 = Release|Any CPU
		{C293DB32-FA42-486D-B128-5A12522FAE4E}.Release|ARM.ActiveCfg = Release|Any CPU
		{C293DB32-FA42-486D-B128-5A12522FAE4E}.Release|ARM.Build.0 = Release|Any CPU
		{C293DB32-FA42-486D-B128-5A12522FAE4E}.Release|iPhone.ActiveCfg = Release|Any CPU
		{C293DB32-FA42-486D-B128-5A12522FAE4E}.Release|iPhone.Build.0 = Release|Any CPU
		{C293DB32-FA42-486D-B128-5A12522FAE4E}.Release|iPhoneSimulator.ActiveCfg = Release|Any CPU
		{C293DB32-FA42-486D-B128-5A12522FAE4E}.Release|iPhoneSimulator.Build.0 = Release|Any CPU
		{C293DB32-FA42-486D-B128-5A12522FAE4E}.Release|Mixed Platforms.ActiveCfg = Release|Any CPU
		{C293DB32-FA42-486D-B128-5A12522FAE4E}.Release|Mixed Platforms.Build.0 = Release|Any CPU
		{C293DB32-FA42-486D-B128-5A12522FAE4E}.Release|x64.ActiveCfg = Release|Any CPU
		{C293DB32-FA42-486D-B128-5A12522FAE4E}.Release|x64.Build.0 = Release|Any CPU
		{C293DB32-FA42-486D-B128-5A12522FAE4E}.Release|x86.ActiveCfg = Release|Any CPU
		{C293DB32-FA42-486D-B128-5A12522FAE4E}.Release|x86.Build.0 = Release|Any CPU
		{E0C83D59-159B-4DB5-88A5-AF088BF00D32}.Ad-Hoc|Any CPU.ActiveCfg = Release|Any CPU
		{E0C83D59-159B-4DB5-88A5-AF088BF00D32}.Ad-Hoc|Any CPU.Build.0 = Release|Any CPU
		{E0C83D59-159B-4DB5-88A5-AF088BF00D32}.Ad-Hoc|ARM.ActiveCfg = Release|Any CPU
		{E0C83D59-159B-4DB5-88A5-AF088BF00D32}.Ad-Hoc|ARM.Build.0 = Release|Any CPU
		{E0C83D59-159B-4DB5-88A5-AF088BF00D32}.Ad-Hoc|iPhone.ActiveCfg = Release|Any CPU
		{E0C83D59-159B-4DB5-88A5-AF088BF00D32}.Ad-Hoc|iPhone.Build.0 = Release|Any CPU
		{E0C83D59-159B-4DB5-88A5-AF088BF00D32}.Ad-Hoc|iPhoneSimulator.ActiveCfg = Release|Any CPU
		{E0C83D59-159B-4DB5-88A5-AF088BF00D32}.Ad-Hoc|iPhoneSimulator.Build.0 = Release|Any CPU
		{E0C83D59-159B-4DB5-88A5-AF088BF00D32}.Ad-Hoc|Mixed Platforms.ActiveCfg = Release|Any CPU
		{E0C83D59-159B-4DB5-88A5-AF088BF00D32}.Ad-Hoc|Mixed Platforms.Build.0 = Release|Any CPU
		{E0C83D59-159B-4DB5-88A5-AF088BF00D32}.Ad-Hoc|x64.ActiveCfg = Release|Any CPU
		{E0C83D59-159B-4DB5-88A5-AF088BF00D32}.Ad-Hoc|x64.Build.0 = Release|Any CPU
		{E0C83D59-159B-4DB5-88A5-AF088BF00D32}.Ad-Hoc|x86.ActiveCfg = Release|Any CPU
		{E0C83D59-159B-4DB5-88A5-AF088BF00D32}.Ad-Hoc|x86.Build.0 = Release|Any CPU
		{E0C83D59-159B-4DB5-88A5-AF088BF00D32}.AppStore|Any CPU.ActiveCfg = Release|Any CPU
		{E0C83D59-159B-4DB5-88A5-AF088BF00D32}.AppStore|Any CPU.Build.0 = Release|Any CPU
		{E0C83D59-159B-4DB5-88A5-AF088BF00D32}.AppStore|ARM.ActiveCfg = Release|Any CPU
		{E0C83D59-159B-4DB5-88A5-AF088BF00D32}.AppStore|ARM.Build.0 = Release|Any CPU
		{E0C83D59-159B-4DB5-88A5-AF088BF00D32}.AppStore|iPhone.ActiveCfg = Release|Any CPU
		{E0C83D59-159B-4DB5-88A5-AF088BF00D32}.AppStore|iPhone.Build.0 = Release|Any CPU
		{E0C83D59-159B-4DB5-88A5-AF088BF00D32}.AppStore|iPhoneSimulator.ActiveCfg = Release|Any CPU
		{E0C83D59-159B-4DB5-88A5-AF088BF00D32}.AppStore|iPhoneSimulator.Build.0 = Release|Any CPU
		{E0C83D59-159B-4DB5-88A5-AF088BF00D32}.AppStore|Mixed Platforms.ActiveCfg = Release|Any CPU
		{E0C83D59-159B-4DB5-88A5-AF088BF00D32}.AppStore|Mixed Platforms.Build.0 = Release|Any CPU
		{E0C83D59-159B-4DB5-88A5-AF088BF00D32}.AppStore|x64.ActiveCfg = Release|Any CPU
		{E0C83D59-159B-4DB5-88A5-AF088BF00D32}.AppStore|x64.Build.0 = Release|Any CPU
		{E0C83D59-159B-4DB5-88A5-AF088BF00D32}.AppStore|x86.ActiveCfg = Release|Any CPU
		{E0C83D59-159B-4DB5-88A5-AF088BF00D32}.AppStore|x86.Build.0 = Release|Any CPU
		{E0C83D59-159B-4DB5-88A5-AF088BF00D32}.Debug|Any CPU.ActiveCfg = Debug|Any CPU
		{E0C83D59-159B-4DB5-88A5-AF088BF00D32}.Debug|Any CPU.Build.0 = Debug|Any CPU
		{E0C83D59-159B-4DB5-88A5-AF088BF00D32}.Debug|ARM.ActiveCfg = Debug|Any CPU
		{E0C83D59-159B-4DB5-88A5-AF088BF00D32}.Debug|ARM.Build.0 = Debug|Any CPU
		{E0C83D59-159B-4DB5-88A5-AF088BF00D32}.Debug|iPhone.ActiveCfg = Debug|Any CPU
		{E0C83D59-159B-4DB5-88A5-AF088BF00D32}.Debug|iPhone.Build.0 = Debug|Any CPU
		{E0C83D59-159B-4DB5-88A5-AF088BF00D32}.Debug|iPhoneSimulator.ActiveCfg = Debug|Any CPU
		{E0C83D59-159B-4DB5-88A5-AF088BF00D32}.Debug|iPhoneSimulator.Build.0 = Debug|Any CPU
		{E0C83D59-159B-4DB5-88A5-AF088BF00D32}.Debug|Mixed Platforms.ActiveCfg = Debug|Any CPU
		{E0C83D59-159B-4DB5-88A5-AF088BF00D32}.Debug|Mixed Platforms.Build.0 = Debug|Any CPU
		{E0C83D59-159B-4DB5-88A5-AF088BF00D32}.Debug|x64.ActiveCfg = Debug|Any CPU
		{E0C83D59-159B-4DB5-88A5-AF088BF00D32}.Debug|x64.Build.0 = Debug|Any CPU
		{E0C83D59-159B-4DB5-88A5-AF088BF00D32}.Debug|x86.ActiveCfg = Debug|Any CPU
		{E0C83D59-159B-4DB5-88A5-AF088BF00D32}.Debug|x86.Build.0 = Debug|Any CPU
		{E0C83D59-159B-4DB5-88A5-AF088BF00D32}.Release|Any CPU.ActiveCfg = Release|Any CPU
		{E0C83D59-159B-4DB5-88A5-AF088BF00D32}.Release|Any CPU.Build.0 = Release|Any CPU
		{E0C83D59-159B-4DB5-88A5-AF088BF00D32}.Release|ARM.ActiveCfg = Release|Any CPU
		{E0C83D59-159B-4DB5-88A5-AF088BF00D32}.Release|ARM.Build.0 = Release|Any CPU
		{E0C83D59-159B-4DB5-88A5-AF088BF00D32}.Release|iPhone.ActiveCfg = Release|Any CPU
		{E0C83D59-159B-4DB5-88A5-AF088BF00D32}.Release|iPhone.Build.0 = Release|Any CPU
		{E0C83D59-159B-4DB5-88A5-AF088BF00D32}.Release|iPhoneSimulator.ActiveCfg = Release|Any CPU
		{E0C83D59-159B-4DB5-88A5-AF088BF00D32}.Release|iPhoneSimulator.Build.0 = Release|Any CPU
		{E0C83D59-159B-4DB5-88A5-AF088BF00D32}.Release|Mixed Platforms.ActiveCfg = Release|Any CPU
		{E0C83D59-159B-4DB5-88A5-AF088BF00D32}.Release|Mixed Platforms.Build.0 = Release|Any CPU
		{E0C83D59-159B-4DB5-88A5-AF088BF00D32}.Release|x64.ActiveCfg = Release|Any CPU
		{E0C83D59-159B-4DB5-88A5-AF088BF00D32}.Release|x64.Build.0 = Release|Any CPU
		{E0C83D59-159B-4DB5-88A5-AF088BF00D32}.Release|x86.ActiveCfg = Release|Any CPU
		{E0C83D59-159B-4DB5-88A5-AF088BF00D32}.Release|x86.Build.0 = Release|Any CPU
		{BA0C7471-0784-4E89-8935-56D97A4122D2}.Ad-Hoc|Any CPU.ActiveCfg = Release|Any CPU
		{BA0C7471-0784-4E89-8935-56D97A4122D2}.Ad-Hoc|Any CPU.Build.0 = Release|Any CPU
		{BA0C7471-0784-4E89-8935-56D97A4122D2}.Ad-Hoc|ARM.ActiveCfg = Release|Any CPU
		{BA0C7471-0784-4E89-8935-56D97A4122D2}.Ad-Hoc|ARM.Build.0 = Release|Any CPU
		{BA0C7471-0784-4E89-8935-56D97A4122D2}.Ad-Hoc|iPhone.ActiveCfg = Release|Any CPU
		{BA0C7471-0784-4E89-8935-56D97A4122D2}.Ad-Hoc|iPhone.Build.0 = Release|Any CPU
		{BA0C7471-0784-4E89-8935-56D97A4122D2}.Ad-Hoc|iPhoneSimulator.ActiveCfg = Release|Any CPU
		{BA0C7471-0784-4E89-8935-56D97A4122D2}.Ad-Hoc|iPhoneSimulator.Build.0 = Release|Any CPU
		{BA0C7471-0784-4E89-8935-56D97A4122D2}.Ad-Hoc|Mixed Platforms.ActiveCfg = Release|Any CPU
		{BA0C7471-0784-4E89-8935-56D97A4122D2}.Ad-Hoc|Mixed Platforms.Build.0 = Release|Any CPU
		{BA0C7471-0784-4E89-8935-56D97A4122D2}.Ad-Hoc|x64.ActiveCfg = Release|Any CPU
		{BA0C7471-0784-4E89-8935-56D97A4122D2}.Ad-Hoc|x64.Build.0 = Release|Any CPU
		{BA0C7471-0784-4E89-8935-56D97A4122D2}.Ad-Hoc|x86.ActiveCfg = Release|Any CPU
		{BA0C7471-0784-4E89-8935-56D97A4122D2}.Ad-Hoc|x86.Build.0 = Release|Any CPU
		{BA0C7471-0784-4E89-8935-56D97A4122D2}.AppStore|Any CPU.ActiveCfg = Release|Any CPU
		{BA0C7471-0784-4E89-8935-56D97A4122D2}.AppStore|Any CPU.Build.0 = Release|Any CPU
		{BA0C7471-0784-4E89-8935-56D97A4122D2}.AppStore|ARM.ActiveCfg = Release|Any CPU
		{BA0C7471-0784-4E89-8935-56D97A4122D2}.AppStore|ARM.Build.0 = Release|Any CPU
		{BA0C7471-0784-4E89-8935-56D97A4122D2}.AppStore|iPhone.ActiveCfg = Release|Any CPU
		{BA0C7471-0784-4E89-8935-56D97A4122D2}.AppStore|iPhone.Build.0 = Release|Any CPU
		{BA0C7471-0784-4E89-8935-56D97A4122D2}.AppStore|iPhoneSimulator.ActiveCfg = Release|Any CPU
		{BA0C7471-0784-4E89-8935-56D97A4122D2}.AppStore|iPhoneSimulator.Build.0 = Release|Any CPU
		{BA0C7471-0784-4E89-8935-56D97A4122D2}.AppStore|Mixed Platforms.ActiveCfg = Release|Any CPU
		{BA0C7471-0784-4E89-8935-56D97A4122D2}.AppStore|Mixed Platforms.Build.0 = Release|Any CPU
		{BA0C7471-0784-4E89-8935-56D97A4122D2}.AppStore|x64.ActiveCfg = Release|Any CPU
		{BA0C7471-0784-4E89-8935-56D97A4122D2}.AppStore|x64.Build.0 = Release|Any CPU
		{BA0C7471-0784-4E89-8935-56D97A4122D2}.AppStore|x86.ActiveCfg = Release|Any CPU
		{BA0C7471-0784-4E89-8935-56D97A4122D2}.AppStore|x86.Build.0 = Release|Any CPU
		{BA0C7471-0784-4E89-8935-56D97A4122D2}.Debug|Any CPU.ActiveCfg = Debug|Any CPU
		{BA0C7471-0784-4E89-8935-56D97A4122D2}.Debug|Any CPU.Build.0 = Debug|Any CPU
		{BA0C7471-0784-4E89-8935-56D97A4122D2}.Debug|ARM.ActiveCfg = Debug|Any CPU
		{BA0C7471-0784-4E89-8935-56D97A4122D2}.Debug|ARM.Build.0 = Debug|Any CPU
		{BA0C7471-0784-4E89-8935-56D97A4122D2}.Debug|iPhone.ActiveCfg = Debug|Any CPU
		{BA0C7471-0784-4E89-8935-56D97A4122D2}.Debug|iPhone.Build.0 = Debug|Any CPU
		{BA0C7471-0784-4E89-8935-56D97A4122D2}.Debug|iPhoneSimulator.ActiveCfg = Debug|Any CPU
		{BA0C7471-0784-4E89-8935-56D97A4122D2}.Debug|iPhoneSimulator.Build.0 = Debug|Any CPU
		{BA0C7471-0784-4E89-8935-56D97A4122D2}.Debug|Mixed Platforms.ActiveCfg = Debug|Any CPU
		{BA0C7471-0784-4E89-8935-56D97A4122D2}.Debug|Mixed Platforms.Build.0 = Debug|Any CPU
		{BA0C7471-0784-4E89-8935-56D97A4122D2}.Debug|x64.ActiveCfg = Debug|Any CPU
		{BA0C7471-0784-4E89-8935-56D97A4122D2}.Debug|x64.Build.0 = Debug|Any CPU
		{BA0C7471-0784-4E89-8935-56D97A4122D2}.Debug|x86.ActiveCfg = Debug|Any CPU
		{BA0C7471-0784-4E89-8935-56D97A4122D2}.Debug|x86.Build.0 = Debug|Any CPU
		{BA0C7471-0784-4E89-8935-56D97A4122D2}.Release|Any CPU.ActiveCfg = Release|Any CPU
		{BA0C7471-0784-4E89-8935-56D97A4122D2}.Release|Any CPU.Build.0 = Release|Any CPU
		{BA0C7471-0784-4E89-8935-56D97A4122D2}.Release|ARM.ActiveCfg = Release|Any CPU
		{BA0C7471-0784-4E89-8935-56D97A4122D2}.Release|ARM.Build.0 = Release|Any CPU
		{BA0C7471-0784-4E89-8935-56D97A4122D2}.Release|iPhone.ActiveCfg = Release|Any CPU
		{BA0C7471-0784-4E89-8935-56D97A4122D2}.Release|iPhone.Build.0 = Release|Any CPU
		{BA0C7471-0784-4E89-8935-56D97A4122D2}.Release|iPhoneSimulator.ActiveCfg = Release|Any CPU
		{BA0C7471-0784-4E89-8935-56D97A4122D2}.Release|iPhoneSimulator.Build.0 = Release|Any CPU
		{BA0C7471-0784-4E89-8935-56D97A4122D2}.Release|Mixed Platforms.ActiveCfg = Release|Any CPU
		{BA0C7471-0784-4E89-8935-56D97A4122D2}.Release|Mixed Platforms.Build.0 = Release|Any CPU
		{BA0C7471-0784-4E89-8935-56D97A4122D2}.Release|x64.ActiveCfg = Release|Any CPU
		{BA0C7471-0784-4E89-8935-56D97A4122D2}.Release|x64.Build.0 = Release|Any CPU
		{BA0C7471-0784-4E89-8935-56D97A4122D2}.Release|x86.ActiveCfg = Release|Any CPU
		{BA0C7471-0784-4E89-8935-56D97A4122D2}.Release|x86.Build.0 = Release|Any CPU
		{A8E42972-0BC3-4F26-99DF-87B6379E875F}.Ad-Hoc|Any CPU.ActiveCfg = Release|Any CPU
		{A8E42972-0BC3-4F26-99DF-87B6379E875F}.Ad-Hoc|Any CPU.Build.0 = Release|Any CPU
		{A8E42972-0BC3-4F26-99DF-87B6379E875F}.Ad-Hoc|ARM.ActiveCfg = Release|Any CPU
		{A8E42972-0BC3-4F26-99DF-87B6379E875F}.Ad-Hoc|ARM.Build.0 = Release|Any CPU
		{A8E42972-0BC3-4F26-99DF-87B6379E875F}.Ad-Hoc|iPhone.ActiveCfg = Release|Any CPU
		{A8E42972-0BC3-4F26-99DF-87B6379E875F}.Ad-Hoc|iPhone.Build.0 = Release|Any CPU
		{A8E42972-0BC3-4F26-99DF-87B6379E875F}.Ad-Hoc|iPhoneSimulator.ActiveCfg = Release|Any CPU
		{A8E42972-0BC3-4F26-99DF-87B6379E875F}.Ad-Hoc|iPhoneSimulator.Build.0 = Release|Any CPU
		{A8E42972-0BC3-4F26-99DF-87B6379E875F}.Ad-Hoc|Mixed Platforms.ActiveCfg = Release|Any CPU
		{A8E42972-0BC3-4F26-99DF-87B6379E875F}.Ad-Hoc|Mixed Platforms.Build.0 = Release|Any CPU
		{A8E42972-0BC3-4F26-99DF-87B6379E875F}.Ad-Hoc|x64.ActiveCfg = Release|Any CPU
		{A8E42972-0BC3-4F26-99DF-87B6379E875F}.Ad-Hoc|x64.Build.0 = Release|Any CPU
		{A8E42972-0BC3-4F26-99DF-87B6379E875F}.Ad-Hoc|x86.ActiveCfg = Release|Any CPU
		{A8E42972-0BC3-4F26-99DF-87B6379E875F}.Ad-Hoc|x86.Build.0 = Release|Any CPU
		{A8E42972-0BC3-4F26-99DF-87B6379E875F}.AppStore|Any CPU.ActiveCfg = Release|Any CPU
		{A8E42972-0BC3-4F26-99DF-87B6379E875F}.AppStore|Any CPU.Build.0 = Release|Any CPU
		{A8E42972-0BC3-4F26-99DF-87B6379E875F}.AppStore|ARM.ActiveCfg = Release|Any CPU
		{A8E42972-0BC3-4F26-99DF-87B6379E875F}.AppStore|ARM.Build.0 = Release|Any CPU
		{A8E42972-0BC3-4F26-99DF-87B6379E875F}.AppStore|iPhone.ActiveCfg = Release|Any CPU
		{A8E42972-0BC3-4F26-99DF-87B6379E875F}.AppStore|iPhone.Build.0 = Release|Any CPU
		{A8E42972-0BC3-4F26-99DF-87B6379E875F}.AppStore|iPhoneSimulator.ActiveCfg = Release|Any CPU
		{A8E42972-0BC3-4F26-99DF-87B6379E875F}.AppStore|iPhoneSimulator.Build.0 = Release|Any CPU
		{A8E42972-0BC3-4F26-99DF-87B6379E875F}.AppStore|Mixed Platforms.ActiveCfg = Release|Any CPU
		{A8E42972-0BC3-4F26-99DF-87B6379E875F}.AppStore|Mixed Platforms.Build.0 = Release|Any CPU
		{A8E42972-0BC3-4F26-99DF-87B6379E875F}.AppStore|x64.ActiveCfg = Release|Any CPU
		{A8E42972-0BC3-4F26-99DF-87B6379E875F}.AppStore|x64.Build.0 = Release|Any CPU
		{A8E42972-0BC3-4F26-99DF-87B6379E875F}.AppStore|x86.ActiveCfg = Release|Any CPU
		{A8E42972-0BC3-4F26-99DF-87B6379E875F}.AppStore|x86.Build.0 = Release|Any CPU
		{A8E42972-0BC3-4F26-99DF-87B6379E875F}.Debug|Any CPU.ActiveCfg = Debug|Any CPU
		{A8E42972-0BC3-4F26-99DF-87B6379E875F}.Debug|Any CPU.Build.0 = Debug|Any CPU
		{A8E42972-0BC3-4F26-99DF-87B6379E875F}.Debug|ARM.ActiveCfg = Debug|Any CPU
		{A8E42972-0BC3-4F26-99DF-87B6379E875F}.Debug|ARM.Build.0 = Debug|Any CPU
		{A8E42972-0BC3-4F26-99DF-87B6379E875F}.Debug|iPhone.ActiveCfg = Debug|Any CPU
		{A8E42972-0BC3-4F26-99DF-87B6379E875F}.Debug|iPhone.Build.0 = Debug|Any CPU
		{A8E42972-0BC3-4F26-99DF-87B6379E875F}.Debug|iPhoneSimulator.ActiveCfg = Debug|Any CPU
		{A8E42972-0BC3-4F26-99DF-87B6379E875F}.Debug|iPhoneSimulator.Build.0 = Debug|Any CPU
		{A8E42972-0BC3-4F26-99DF-87B6379E875F}.Debug|Mixed Platforms.ActiveCfg = Debug|Any CPU
		{A8E42972-0BC3-4F26-99DF-87B6379E875F}.Debug|Mixed Platforms.Build.0 = Debug|Any CPU
		{A8E42972-0BC3-4F26-99DF-87B6379E875F}.Debug|x64.ActiveCfg = Debug|Any CPU
		{A8E42972-0BC3-4F26-99DF-87B6379E875F}.Debug|x64.Build.0 = Debug|Any CPU
		{A8E42972-0BC3-4F26-99DF-87B6379E875F}.Debug|x86.ActiveCfg = Debug|Any CPU
		{A8E42972-0BC3-4F26-99DF-87B6379E875F}.Debug|x86.Build.0 = Debug|Any CPU
		{A8E42972-0BC3-4F26-99DF-87B6379E875F}.Release|Any CPU.ActiveCfg = Release|Any CPU
		{A8E42972-0BC3-4F26-99DF-87B6379E875F}.Release|Any CPU.Build.0 = Release|Any CPU
		{A8E42972-0BC3-4F26-99DF-87B6379E875F}.Release|ARM.ActiveCfg = Release|Any CPU
		{A8E42972-0BC3-4F26-99DF-87B6379E875F}.Release|ARM.Build.0 = Release|Any CPU
		{A8E42972-0BC3-4F26-99DF-87B6379E875F}.Release|iPhone.ActiveCfg = Release|Any CPU
		{A8E42972-0BC3-4F26-99DF-87B6379E875F}.Release|iPhone.Build.0 = Release|Any CPU
		{A8E42972-0BC3-4F26-99DF-87B6379E875F}.Release|iPhoneSimulator.ActiveCfg = Release|Any CPU
		{A8E42972-0BC3-4F26-99DF-87B6379E875F}.Release|iPhoneSimulator.Build.0 = Release|Any CPU
		{A8E42972-0BC3-4F26-99DF-87B6379E875F}.Release|Mixed Platforms.ActiveCfg = Release|Any CPU
		{A8E42972-0BC3-4F26-99DF-87B6379E875F}.Release|Mixed Platforms.Build.0 = Release|Any CPU
		{A8E42972-0BC3-4F26-99DF-87B6379E875F}.Release|x64.ActiveCfg = Release|Any CPU
		{A8E42972-0BC3-4F26-99DF-87B6379E875F}.Release|x64.Build.0 = Release|Any CPU
		{A8E42972-0BC3-4F26-99DF-87B6379E875F}.Release|x86.ActiveCfg = Release|Any CPU
		{A8E42972-0BC3-4F26-99DF-87B6379E875F}.Release|x86.Build.0 = Release|Any CPU
	EndGlobalSection
	GlobalSection(SolutionProperties) = preSolution
		HideSolutionNode = FALSE
	EndGlobalSection
	GlobalSection(NestedProjects) = preSolution
		{67F9D3A8-F71E-4428-913F-C37AE82CDB24} = {6C54D772-C773-41C8-A22F-F03F46EA4E99}
		{11F33E4A-F1EA-4DE2-9EE0-DD9418D7BE04} = {15008FE9-E8E3-4F6C-B0CC-D48255564F56}
		{A15E380A-5681-4165-9328-55CED6DCA99B} = {15008FE9-E8E3-4F6C-B0CC-D48255564F56}
		{AF8D524D-7750-42C2-A19F-7F2BECE58B35} = {509C64E6-5F18-4012-9C65-07BB1B293C60}
		{3387CF61-06CF-4650-AEE8-04801CDD6D03} = {6C54D772-C773-41C8-A22F-F03F46EA4E99}
		{3F3C40F4-BA43-4DD6-873E-F3B859CBED5A} = {AF8D524D-7750-42C2-A19F-7F2BECE58B35}
		{302A2D9B-E375-415C-B6CD-BB4394329A29} = {6C54D772-C773-41C8-A22F-F03F46EA4E99}
		{15008FE9-E8E3-4F6C-B0CC-D48255564F56} = {509C64E6-5F18-4012-9C65-07BB1B293C60}
		{FF7A5B17-BFB3-414F-9B43-B9A9DE96C49C} = {AF8D524D-7750-42C2-A19F-7F2BECE58B35}
		{A95B2CA0-1630-4362-8B8A-9EF1BC52D85E} = {3F3C40F4-BA43-4DD6-873E-F3B859CBED5A}
		{EBDB5AB1-B098-449A-80B3-F92012231051} = {509C64E6-5F18-4012-9C65-07BB1B293C60}
		{04681EF5-2A79-4688-8A5F-0D971C842E8E} = {3F3C40F4-BA43-4DD6-873E-F3B859CBED5A}
		{E39348C4-29FF-430A-A163-1A2CBE18DEF2} = {509C64E6-5F18-4012-9C65-07BB1B293C60}
		{60852E84-1285-4E06-8333-1E8ED68502EA} = {E39348C4-29FF-430A-A163-1A2CBE18DEF2}
		{B2D633A8-16B9-4454-AE81-4BB028BF9D55} = {509C64E6-5F18-4012-9C65-07BB1B293C60}
		{C293DB32-FA42-486D-B128-5A12522FAE4E} = {B2D633A8-16B9-4454-AE81-4BB028BF9D55}
		{18D3B625-4287-4BF4-B7C3-04DB2E8D06EA} = {6C54D772-C773-41C8-A22F-F03F46EA4E99}
		{E0C83D59-159B-4DB5-88A5-AF088BF00D32} = {E39348C4-29FF-430A-A163-1A2CBE18DEF2}
		{BA0C7471-0784-4E89-8935-56D97A4122D2} = {18D3B625-4287-4BF4-B7C3-04DB2E8D06EA}
		{A8E42972-0BC3-4F26-99DF-87B6379E875F} = {15008FE9-E8E3-4F6C-B0CC-D48255564F56}
	EndGlobalSection
EndGlobal
